
Microsoft Visual Studio Solution File, Format Version 12.00
# Visual Studio 15
VisualStudioVersion = 15.0.28307.329
MinimumVisualStudioVersion = 10.0.40219.1
Project("{8BC9CEB8-8B4A-11D0-8D11-00A0C91BC942}") = "useStruct", "useStruct\useStruct.vcxproj", "{86CAE7A4-8622-446E-8715-DA9D63035890}"
EndProject
Project("{8BC9CEB8-8B4A-11D0-8D11-00A0C91BC942}") = "do_utils_debug", "do_utils_debug\do_utils_debug.vcxproj", "{A56E82A3-5A0F-4053-8BF7-893CD759EC8C}"
EndProject
Project("{8BC9CEB8-8B4A-11D0-8D11-00A0C91BC942}") = "do_importDLL", "do_importDLL\do_importDLL.vcxproj", "{A8585B54-552E-49DF-95E8-0B8FBC1F1CD3}"
EndProject
Project("{8BC9CEB8-8B4A-11D0-8D11-00A0C91BC942}") = "use_strType", "use_strType\use_strType.vcxproj", "{B4DCEF2F-B4F8-4686-B08A-610AD3D3155C}"
EndProject
Project("{8BC9CEB8-8B4A-11D0-8D11-00A0C91BC942}") = "mfc_use_strType", "mfc_use_strType\mfc_use_strType.vcxproj", "{B3F05DAC-7768-4712-A0EA-3251E43E48ED}"
EndProject
Project("{8BC9CEB8-8B4A-11D0-8D11-00A0C91BC942}") = "mfc_use_operator_overloading", "mfc_use_operator_overloading\mfc_use_operator_overloading.vcxproj", "{D7FD3A44-26B0-426C-B2BC-F4CC983DAD47}"
EndProject
Project("{8BC9CEB8-8B4A-11D0-8D11-00A0C91BC942}") = "mfc_use_template", "mfc_use_template\mfc_use_template.vcxproj", "{54D83B04-5287-45D7-BE5E-BACBB3E0E5FB}"
EndProject
Project("{8BC9CEB8-8B4A-11D0-8D11-00A0C91BC942}") = "mfc_exception_handling", "mfc_exception_handling\mfc_exception_handling.vcxproj", "{2D4E2D87-0F75-4F33-BEA3-092089388F9E}"
EndProject
Project("{8BC9CEB8-8B4A-11D0-8D11-00A0C91BC942}") = "mfc_use_define_typedef", "mfc_use_define_typedef\mfc_use_define_typedef.vcxproj", "{7C245E5A-7448-4EFB-9B91-D1CF7D87FFC3}"
EndProject
Project("{8BC9CEB8-8B4A-11D0-8D11-00A0C91BC942}") = "mfc_dynamic_memory", "mfc_dynamic_memory\mfc_dynamic_memory.vcxproj", "{45F63B11-EBE9-48D3-AFCA-64274E5AB7E1}"
EndProject
Project("{8BC9CEB8-8B4A-11D0-8D11-00A0C91BC942}") = "mfc_use_STL_containers", "mfc_use_STL_containers\mfc_use_STL_containers.vcxproj", "{9F3F02FC-1B44-4FD2-9239-A6D26525699C}"
EndProject
Global
	GlobalSection(SolutionConfigurationPlatforms) = preSolution
		Debug|Win32 = Debug|Win32
		Debug|x64 = Debug|x64
		Debug|x86 = Debug|x86
		Release|Win32 = Release|Win32
		Release|x64 = Release|x64
		Release|x86 = Release|x86
	EndGlobalSection
	GlobalSection(ProjectConfigurationPlatforms) = postSolution
		{86CAE7A4-8622-446E-8715-DA9D63035890}.Debug|Win32.ActiveCfg = Debug|Win32
		{86CAE7A4-8622-446E-8715-DA9D63035890}.Debug|Win32.Build.0 = Debug|Win32
		{86CAE7A4-8622-446E-8715-DA9D63035890}.Debug|x64.ActiveCfg = Debug|x64
		{86CAE7A4-8622-446E-8715-DA9D63035890}.Debug|x64.Build.0 = Debug|x64
		{86CAE7A4-8622-446E-8715-DA9D63035890}.Debug|x86.ActiveCfg = Debug|Win32
		{86CAE7A4-8622-446E-8715-DA9D63035890}.Debug|x86.Build.0 = Debug|Win32
		{86CAE7A4-8622-446E-8715-DA9D63035890}.Release|Win32.ActiveCfg = Release|Win32
		{86CAE7A4-8622-446E-8715-DA9D63035890}.Release|Win32.Build.0 = Release|Win32
		{86CAE7A4-8622-446E-8715-DA9D63035890}.Release|x64.ActiveCfg = Release|x64
		{86CAE7A4-8622-446E-8715-DA9D63035890}.Release|x64.Build.0 = Release|x64
		{86CAE7A4-8622-446E-8715-DA9D63035890}.Release|x86.ActiveCfg = Release|Win32
		{86CAE7A4-8622-446E-8715-DA9D63035890}.Release|x86.Build.0 = Release|Win32
		{A56E82A3-5A0F-4053-8BF7-893CD759EC8C}.Debug|Win32.ActiveCfg = Debug|Win32
		{A56E82A3-5A0F-4053-8BF7-893CD759EC8C}.Debug|Win32.Build.0 = Debug|Win32
		{A56E82A3-5A0F-4053-8BF7-893CD759EC8C}.Debug|x64.ActiveCfg = Debug|x64
		{A56E82A3-5A0F-4053-8BF7-893CD759EC8C}.Debug|x64.Build.0 = Debug|x64
		{A56E82A3-5A0F-4053-8BF7-893CD759EC8C}.Debug|x86.ActiveCfg = Debug|Win32
		{A56E82A3-5A0F-4053-8BF7-893CD759EC8C}.Debug|x86.Build.0 = Debug|Win32
		{A56E82A3-5A0F-4053-8BF7-893CD759EC8C}.Release|Win32.ActiveCfg = Release|Win32
		{A56E82A3-5A0F-4053-8BF7-893CD759EC8C}.Release|Win32.Build.0 = Release|Win32
		{A56E82A3-5A0F-4053-8BF7-893CD759EC8C}.Release|x64.ActiveCfg = Release|x64
		{A56E82A3-5A0F-4053-8BF7-893CD759EC8C}.Release|x64.Build.0 = Release|x64
		{A56E82A3-5A0F-4053-8BF7-893CD759EC8C}.Release|x86.ActiveCfg = Release|Win32
		{A56E82A3-5A0F-4053-8BF7-893CD759EC8C}.Release|x86.Build.0 = Release|Win32
		{A8585B54-552E-49DF-95E8-0B8FBC1F1CD3}.Debug|Win32.ActiveCfg = Debug|Win32
		{A8585B54-552E-49DF-95E8-0B8FBC1F1CD3}.Debug|Win32.Build.0 = Debug|Win32
		{A8585B54-552E-49DF-95E8-0B8FBC1F1CD3}.Debug|x64.ActiveCfg = Debug|x64
		{A8585B54-552E-49DF-95E8-0B8FBC1F1CD3}.Debug|x64.Build.0 = Debug|x64
		{A8585B54-552E-49DF-95E8-0B8FBC1F1CD3}.Debug|x86.ActiveCfg = Debug|Win32
		{A8585B54-552E-49DF-95E8-0B8FBC1F1CD3}.Debug|x86.Build.0 = Debug|Win32
		{A8585B54-552E-49DF-95E8-0B8FBC1F1CD3}.Release|Win32.ActiveCfg = Release|Win32
		{A8585B54-552E-49DF-95E8-0B8FBC1F1CD3}.Release|Win32.Build.0 = Release|Win32
		{A8585B54-552E-49DF-95E8-0B8FBC1F1CD3}.Release|x64.ActiveCfg = Release|x64
		{A8585B54-552E-49DF-95E8-0B8FBC1F1CD3}.Release|x64.Build.0 = Release|x64
		{A8585B54-552E-49DF-95E8-0B8FBC1F1CD3}.Release|x86.ActiveCfg = Release|Win32
		{A8585B54-552E-49DF-95E8-0B8FBC1F1CD3}.Release|x86.Build.0 = Release|Win32
		{B4DCEF2F-B4F8-4686-B08A-610AD3D3155C}.Debug|Win32.ActiveCfg = Debug|Win32
		{B4DCEF2F-B4F8-4686-B08A-610AD3D3155C}.Debug|Win32.Build.0 = Debug|Win32
		{B4DCEF2F-B4F8-4686-B08A-610AD3D3155C}.Debug|x64.ActiveCfg = Debug|x64
		{B4DCEF2F-B4F8-4686-B08A-610AD3D3155C}.Debug|x64.Build.0 = Debug|x64
		{B4DCEF2F-B4F8-4686-B08A-610AD3D3155C}.Debug|x86.ActiveCfg = Debug|Win32
		{B4DCEF2F-B4F8-4686-B08A-610AD3D3155C}.Debug|x86.Build.0 = Debug|Win32
		{B4DCEF2F-B4F8-4686-B08A-610AD3D3155C}.Release|Win32.ActiveCfg = Release|Win32
		{B4DCEF2F-B4F8-4686-B08A-610AD3D3155C}.Release|Win32.Build.0 = Release|Win32
		{B4DCEF2F-B4F8-4686-B08A-610AD3D3155C}.Release|x64.ActiveCfg = Release|x64
		{B4DCEF2F-B4F8-4686-B08A-610AD3D3155C}.Release|x64.Build.0 = Release|x64
		{B4DCEF2F-B4F8-4686-B08A-610AD3D3155C}.Release|x86.ActiveCfg = Release|Win32
		{B4DCEF2F-B4F8-4686-B08A-610AD3D3155C}.Release|x86.Build.0 = Release|Win32
		{B3F05DAC-7768-4712-A0EA-3251E43E48ED}.Debug|Win32.ActiveCfg = Debug|Win32
		{B3F05DAC-7768-4712-A0EA-3251E43E48ED}.Debug|Win32.Build.0 = Debug|Win32
		{B3F05DAC-7768-4712-A0EA-3251E43E48ED}.Debug|x64.ActiveCfg = Debug|x64
		{B3F05DAC-7768-4712-A0EA-3251E43E48ED}.Debug|x64.Build.0 = Debug|x64
		{B3F05DAC-7768-4712-A0EA-3251E43E48ED}.Debug|x86.ActiveCfg = Debug|Win32
		{B3F05DAC-7768-4712-A0EA-3251E43E48ED}.Debug|x86.Build.0 = Debug|Win32
		{B3F05DAC-7768-4712-A0EA-3251E43E48ED}.Release|Win32.ActiveCfg = Release|Win32
		{B3F05DAC-7768-4712-A0EA-3251E43E48ED}.Release|Win32.Build.0 = Release|Win32
		{B3F05DAC-7768-4712-A0EA-3251E43E48ED}.Release|x64.ActiveCfg = Release|x64
		{B3F05DAC-7768-4712-A0EA-3251E43E48ED}.Release|x64.Build.0 = Release|x64
		{B3F05DAC-7768-4712-A0EA-3251E43E48ED}.Release|x86.ActiveCfg = Release|Win32
		{B3F05DAC-7768-4712-A0EA-3251E43E48ED}.Release|x86.Build.0 = Release|Win32
		{D7FD3A44-26B0-426C-B2BC-F4CC983DAD47}.Debug|Win32.ActiveCfg = Debug|Win32
		{D7FD3A44-26B0-426C-B2BC-F4CC983DAD47}.Debug|Win32.Build.0 = Debug|Win32
		{D7FD3A44-26B0-426C-B2BC-F4CC983DAD47}.Debug|x64.ActiveCfg = Debug|x64
		{D7FD3A44-26B0-426C-B2BC-F4CC983DAD47}.Debug|x64.Build.0 = Debug|x64
		{D7FD3A44-26B0-426C-B2BC-F4CC983DAD47}.Debug|x86.ActiveCfg = Debug|Win32
		{D7FD3A44-26B0-426C-B2BC-F4CC983DAD47}.Debug|x86.Build.0 = Debug|Win32
		{D7FD3A44-26B0-426C-B2BC-F4CC983DAD47}.Release|Win32.ActiveCfg = Release|Win32
		{D7FD3A44-26B0-426C-B2BC-F4CC983DAD47}.Release|Win32.Build.0 = Release|Win32
		{D7FD3A44-26B0-426C-B2BC-F4CC983DAD47}.Release|x64.ActiveCfg = Release|x64
		{D7FD3A44-26B0-426C-B2BC-F4CC983DAD47}.Release|x64.Build.0 = Release|x64
		{D7FD3A44-26B0-426C-B2BC-F4CC983DAD47}.Release|x86.ActiveCfg = Release|Win32
		{D7FD3A44-26B0-426C-B2BC-F4CC983DAD47}.Release|x86.Build.0 = Release|Win32
		{54D83B04-5287-45D7-BE5E-BACBB3E0E5FB}.Debug|Win32.ActiveCfg = Debug|Win32
		{54D83B04-5287-45D7-BE5E-BACBB3E0E5FB}.Debug|Win32.Build.0 = Debug|Win32
		{54D83B04-5287-45D7-BE5E-BACBB3E0E5FB}.Debug|x64.ActiveCfg = Debug|x64
		{54D83B04-5287-45D7-BE5E-BACBB3E0E5FB}.Debug|x64.Build.0 = Debug|x64
		{54D83B04-5287-45D7-BE5E-BACBB3E0E5FB}.Debug|x86.ActiveCfg = Debug|Win32
		{54D83B04-5287-45D7-BE5E-BACBB3E0E5FB}.Debug|x86.Build.0 = Debug|Win32
		{54D83B04-5287-45D7-BE5E-BACBB3E0E5FB}.Release|Win32.ActiveCfg = Release|Win32
		{54D83B04-5287-45D7-BE5E-BACBB3E0E5FB}.Release|Win32.Build.0 = Release|Win32
		{54D83B04-5287-45D7-BE5E-BACBB3E0E5FB}.Release|x64.ActiveCfg = Release|x64
		{54D83B04-5287-45D7-BE5E-BACBB3E0E5FB}.Release|x64.Build.0 = Release|x64
		{54D83B04-5287-45D7-BE5E-BACBB3E0E5FB}.Release|x86.ActiveCfg = Release|Win32
		{54D83B04-5287-45D7-BE5E-BACBB3E0E5FB}.Release|x86.Build.0 = Release|Win32
		{2D4E2D87-0F75-4F33-BEA3-092089388F9E}.Debug|Win32.ActiveCfg = Debug|Win32
		{2D4E2D87-0F75-4F33-BEA3-092089388F9E}.Debug|Win32.Build.0 = Debug|Win32
		{2D4E2D87-0F75-4F33-BEA3-092089388F9E}.Debug|x64.ActiveCfg = Debug|x64
		{2D4E2D87-0F75-4F33-BEA3-092089388F9E}.Debug|x64.Build.0 = Debug|x64
		{2D4E2D87-0F75-4F33-BEA3-092089388F9E}.Debug|x86.ActiveCfg = Debug|Win32
		{2D4E2D87-0F75-4F33-BEA3-092089388F9E}.Debug|x86.Build.0 = Debug|Win32
		{2D4E2D87-0F75-4F33-BEA3-092089388F9E}.Release|Win32.ActiveCfg = Release|Win32
		{2D4E2D87-0F75-4F33-BEA3-092089388F9E}.Release|Win32.Build.0 = Release|Win32
		{2D4E2D87-0F75-4F33-BEA3-092089388F9E}.Release|x64.ActiveCfg = Release|x64
		{2D4E2D87-0F75-4F33-BEA3-092089388F9E}.Release|x64.Build.0 = Release|x64
		{2D4E2D87-0F75-4F33-BEA3-092089388F9E}.Release|x86.ActiveCfg = Release|Win32
		{2D4E2D87-0F75-4F33-BEA3-092089388F9E}.Release|x86.Build.0 = Release|Win32
		{7C245E5A-7448-4EFB-9B91-D1CF7D87FFC3}.Debug|Win32.ActiveCfg = Debug|Win32
		{7C245E5A-7448-4EFB-9B91-D1CF7D87FFC3}.Debug|Win32.Build.0 = Debug|Win32
		{7C245E5A-7448-4EFB-9B91-D1CF7D87FFC3}.Debug|x64.ActiveCfg = Debug|x64
		{7C245E5A-7448-4EFB-9B91-D1CF7D87FFC3}.Debug|x64.Build.0 = Debug|x64
		{7C245E5A-7448-4EFB-9B91-D1CF7D87FFC3}.Debug|x86.ActiveCfg = Debug|Win32
		{7C245E5A-7448-4EFB-9B91-D1CF7D87FFC3}.Debug|x86.Build.0 = Debug|Win32
		{7C245E5A-7448-4EFB-9B91-D1CF7D87FFC3}.Release|Win32.ActiveCfg = Release|Win32
		{7C245E5A-7448-4EFB-9B91-D1CF7D87FFC3}.Release|Win32.Build.0 = Release|Win32
		{7C245E5A-7448-4EFB-9B91-D1CF7D87FFC3}.Release|x64.ActiveCfg = Release|x64
		{7C245E5A-7448-4EFB-9B91-D1CF7D87FFC3}.Release|x64.Build.0 = Release|x64
		{7C245E5A-7448-4EFB-9B91-D1CF7D87FFC3}.Release|x86.ActiveCfg = Release|Win32
		{7C245E5A-7448-4EFB-9B91-D1CF7D87FFC3}.Release|x86.Build.0 = Release|Win32
		{45F63B11-EBE9-48D3-AFCA-64274E5AB7E1}.Debug|Win32.ActiveCfg = Debug|Win32
		{45F63B11-EBE9-48D3-AFCA-64274E5AB7E1}.Debug|Win32.Build.0 = Debug|Win32
		{45F63B11-EBE9-48D3-AFCA-64274E5AB7E1}.Debug|x64.ActiveCfg = Debug|x64
		{45F63B11-EBE9-48D3-AFCA-64274E5AB7E1}.Debug|x64.Build.0 = Debug|x64
		{45F63B11-EBE9-48D3-AFCA-64274E5AB7E1}.Debug|x86.ActiveCfg = Debug|Win32
		{45F63B11-EBE9-48D3-AFCA-64274E5AB7E1}.Debug|x86.Build.0 = Debug|Win32
		{45F63B11-EBE9-48D3-AFCA-64274E5AB7E1}.Release|Win32.ActiveCfg = Release|Win32
		{45F63B11-EBE9-48D3-AFCA-64274E5AB7E1}.Release|Win32.Build.0 = Release|Win32
		{45F63B11-EBE9-48D3-AFCA-64274E5AB7E1}.Release|x64.ActiveCfg = Release|x64
		{45F63B11-EBE9-48D3-AFCA-64274E5AB7E1}.Release|x64.Build.0 = Release|x64
		{45F63B11-EBE9-48D3-AFCA-64274E5AB7E1}.Release|x86.ActiveCfg = Release|Win32
		{45F63B11-EBE9-48D3-AFCA-64274E5AB7E1}.Release|x86.Build.0 = Release|Win32
		{9F3F02FC-1B44-4FD2-9239-A6D26525699C}.Debug|Win32.ActiveCfg = Debug|Win32
		{9F3F02FC-1B44-4FD2-9239-A6D26525699C}.Debug|Win32.Build.0 = Debug|Win32
		{9F3F02FC-1B44-4FD2-9239-A6D26525699C}.Debug|x64.ActiveCfg = Debug|x64
		{9F3F02FC-1B44-4FD2-9239-A6D26525699C}.Debug|x64.Build.0 = Debug|x64
		{9F3F02FC-1B44-4FD2-9239-A6D26525699C}.Debug|x86.ActiveCfg = Debug|Win32
		{9F3F02FC-1B44-4FD2-9239-A6D26525699C}.Debug|x86.Build.0 = Debug|Win32
		{9F3F02FC-1B44-4FD2-9239-A6D26525699C}.Release|Win32.ActiveCfg = Release|Win32
		{9F3F02FC-1B44-4FD2-9239-A6D26525699C}.Release|Win32.Build.0 = Release|Win32
		{9F3F02FC-1B44-4FD2-9239-A6D26525699C}.Release|x64.ActiveCfg = Release|x64
		{9F3F02FC-1B44-4FD2-9239-A6D26525699C}.Release|x64.Build.0 = Release|x64
		{9F3F02FC-1B44-4FD2-9239-A6D26525699C}.Release|x86.ActiveCfg = Release|Win32
		{9F3F02FC-1B44-4FD2-9239-A6D26525699C}.Release|x86.Build.0 = Release|Win32
	EndGlobalSection
	GlobalSection(SolutionProperties) = preSolution
		HideSolutionNode = FALSE
	EndGlobalSection
	GlobalSection(ExtensibilityGlobals) = postSolution
		SolutionGuid = {22490604-DEB1-4BB2-B04D-81FB06754734}
	EndGlobalSection
EndGlobal
