
Microsoft Visual Studio Solution File, Format Version 12.00
# Visual Studio Version 16
VisualStudioVersion = 16.0.29230.47
MinimumVisualStudioVersion = 10.0.40219.1
Project("{8BC9CEB8-8B4A-11D0-8D11-00A0C91BC942}") = "mfc_createProcess", "src\mfc_createProcess\mfc_createProcess.vcxproj", "{5E33CF55-8A62-40CD-8F95-C3FC1A177F6D}"
EndProject
Project("{8BC9CEB8-8B4A-11D0-8D11-00A0C91BC942}") = "mfc_use_strType", "src\mfc_use_strType\mfc_use_strType.vcxproj", "{B3F05DAC-7768-4712-A0EA-3251E43E48ED}"
EndProject
Project("{8BC9CEB8-8B4A-11D0-8D11-00A0C91BC942}") = "do_utils_debug", "src\do_utils_debug\do_utils_debug.vcxproj", "{A56E82A3-5A0F-4053-8BF7-893CD759EC8C}"
EndProject
Project("{8BC9CEB8-8B4A-11D0-8D11-00A0C91BC942}") = "DO_DLL", "src\DO_DLL\DO_DLL.vcxproj", "{88AC1B77-6242-4B4D-B3F8-321A2AF04276}"
EndProject
Project("{8BC9CEB8-8B4A-11D0-8D11-00A0C91BC942}") = "DO_IMPORTDLL", "src\DO_IMPORTDLL\DO_IMPORTDLL.vcxproj", "{3E5D243A-AD8E-4C0D-A103-F6E163C38C6D}"
EndProject
Project("{8BC9CEB8-8B4A-11D0-8D11-00A0C91BC942}") = "mfc_use_reference", "src\mfc_use_reference\mfc_use_reference.vcxproj", "{6381149F-D42E-42DB-A285-B674A674025B}"
EndProject
Project("{8BC9CEB8-8B4A-11D0-8D11-00A0C91BC942}") = "DO_Reference", "src\DO_Reference\DO_Reference.vcxproj", "{ADCC1687-E611-4474-AE23-CFC702B4E7A0}"
EndProject
Project("{8BC9CEB8-8B4A-11D0-8D11-00A0C91BC942}") = "mfc_class_composition_inheritance", "src\mfc_class_composition_inheritance\mfc_class_composition_inheritance.vcxproj", "{F53E0F46-F822-40E0-8EEA-4CC1D29FC0EB}"
EndProject
Project("{8BC9CEB8-8B4A-11D0-8D11-00A0C91BC942}") = "DO_Inheritance", "DO_Inheritance\DO_Inheritance.vcxproj", "{C06F3C22-4611-45C3-B60E-A733003359D4}"
EndProject
Project("{8BC9CEB8-8B4A-11D0-8D11-00A0C91BC942}") = "DO_Friend", "src\DO_Friend\DO_Friend.vcxproj", "{6DA4E347-8EEE-4E30-9865-8199DC4C324B}"
EndProject
Project("{8BC9CEB8-8B4A-11D0-8D11-00A0C91BC942}") = "boost_convert", "src\boost_convert\boost_convert.vcxproj", "{7368B7D1-60C0-4C95-B3C8-4EBCD2EDBC04}"
EndProject
Project("{8BC9CEB8-8B4A-11D0-8D11-00A0C91BC942}") = "boost_process_string", "src\boost_process_string\boost_process_string.vcxproj", "{58C77736-9375-4053-A202-65102547490D}"
EndProject
Project("{8BC9CEB8-8B4A-11D0-8D11-00A0C91BC942}") = "do_typedef", "src\do_typedef\do_typedef.vcxproj", "{A675043F-F8E7-425B-8FA4-E23DF4C0E6CE}"
EndProject
Project("{8BC9CEB8-8B4A-11D0-8D11-00A0C91BC942}") = "do_Dll2", "src\do_Dll2\do_Dll2.vcxproj", "{BE9233ED-374A-4458-9F5A-5A7A75305EAE}"
EndProject
Project("{8BC9CEB8-8B4A-11D0-8D11-00A0C91BC942}") = "ace_tcp_server", "src\ace_tcp_server\ace_tcp_server.vcxproj", "{6AAC4395-0F27-42D3-ABA1-FBA9404059D0}"
EndProject
Project("{8BC9CEB8-8B4A-11D0-8D11-00A0C91BC942}") = "ace_tcp_client", "src\ace_tcp_client\ace_tcp_client.vcxproj", "{7A7B8B7B-5537-4987-92A1-78AB9F387F78}"
EndProject
Project("{8BC9CEB8-8B4A-11D0-8D11-00A0C91BC942}") = "ace_udp_server", "src\ace_udp_server\ace_udp_server.vcxproj", "{F437A9F8-EEC0-4031-878E-925D7B1927D0}"
EndProject
Project("{8BC9CEB8-8B4A-11D0-8D11-00A0C91BC942}") = "ace_udp_client", "src\ace_udp_client\ace_udp_client.vcxproj", "{842B589F-8F04-43EE-97D3-9D3A3835EBAF}"
EndProject
Project("{8BC9CEB8-8B4A-11D0-8D11-00A0C91BC942}") = "ace_udp_mcast_recv", "src\ace_udp_mcast_recv\ace_udp_mcast_recv.vcxproj", "{567D3B68-F1C9-487E-B74E-4CD5CFB48106}"
EndProject
Project("{8BC9CEB8-8B4A-11D0-8D11-00A0C91BC942}") = "ace_udp_mcast_send", "src\ace_udp_mcast_send\ace_udp_mcast_send.vcxproj", "{9BFFCF30-CFDA-4788-AC2D-5EB80238AE44}"
EndProject
Project("{8BC9CEB8-8B4A-11D0-8D11-00A0C91BC942}") = "mfc_use_map", "src\mfc_use_map\mfc_use_map.vcxproj", "{CF29B4B6-AF90-4309-B430-9137E34B5058}"
EndProject
Project("{8BC9CEB8-8B4A-11D0-8D11-00A0C91BC942}") = "do_map", "src\do_map\do_map.vcxproj", "{9A93CE56-7E90-4A45-AC4D-25516D8DBB06}"
EndProject
Project("{8BC9CEB8-8B4A-11D0-8D11-00A0C91BC942}") = "typeid", "src\typeid\typeid.vcxproj", "{40F9CE88-4DAB-4BDC-8CEA-BD5679662F2B}"
EndProject
Project("{8BC9CEB8-8B4A-11D0-8D11-00A0C91BC942}") = "wchar_t_bool_longlong_auto", "src\wchar_t_bool_longlong_auto\wchar_t_bool_longlong_auto.vcxproj", "{B9C6C129-674C-48B1-98E9-B0C8E91C1F43}"
EndProject
Project("{8BC9CEB8-8B4A-11D0-8D11-00A0C91BC942}") = "static", "src\static\static.vcxproj", "{7DC86A2A-D285-4C26-BC14-E74146246D96}"
EndProject
Project("{8BC9CEB8-8B4A-11D0-8D11-00A0C91BC942}") = "namespace", "src\namespace\namespace.vcxproj", "{93FB880C-7467-4A70-800A-56DD276BA10E}"
EndProject
Project("{8BC9CEB8-8B4A-11D0-8D11-00A0C91BC942}") = "cpp25_const_object", "src\cpp_25_const_object\cpp_25_const_object.vcxproj", "{183C72F6-7533-42FB-B016-451D6FDB509C}"
EndProject
Project("{8BC9CEB8-8B4A-11D0-8D11-00A0C91BC942}") = "cpp27_shallow_copy_and_deep_copy", "src\cpp27_shallow_copy_and_deep_copy\cpp27_shallow_copy_and_deep_copy.vcxproj", "{83A05D87-5EF3-4576-929C-86017E70FB0B}"
EndProject
Project("{8BC9CEB8-8B4A-11D0-8D11-00A0C91BC942}") = "file_stream", "src\file_stream\file_stream.vcxproj", "{87CFB45C-9552-48BF-9D1E-78EF08CDAE44}"
EndProject
Global
	GlobalSection(SolutionConfigurationPlatforms) = preSolution
		Debug|ARM = Debug|ARM
		Debug|ARM64 = Debug|ARM64
		Debug|x64 = Debug|x64
		Debug|x86 = Debug|x86
		Release|ARM = Release|ARM
		Release|ARM64 = Release|ARM64
		Release|x64 = Release|x64
		Release|x86 = Release|x86
	EndGlobalSection
	GlobalSection(ProjectConfigurationPlatforms) = postSolution
		{5E33CF55-8A62-40CD-8F95-C3FC1A177F6D}.Debug|ARM.ActiveCfg = Debug|Win32
		{5E33CF55-8A62-40CD-8F95-C3FC1A177F6D}.Debug|ARM64.ActiveCfg = Debug|Win32
		{5E33CF55-8A62-40CD-8F95-C3FC1A177F6D}.Debug|x64.ActiveCfg = Debug|x64
		{5E33CF55-8A62-40CD-8F95-C3FC1A177F6D}.Debug|x64.Build.0 = Debug|x64
		{5E33CF55-8A62-40CD-8F95-C3FC1A177F6D}.Debug|x86.ActiveCfg = Debug|Win32
		{5E33CF55-8A62-40CD-8F95-C3FC1A177F6D}.Debug|x86.Build.0 = Debug|Win32
		{5E33CF55-8A62-40CD-8F95-C3FC1A177F6D}.Release|ARM.ActiveCfg = Release|Win32
		{5E33CF55-8A62-40CD-8F95-C3FC1A177F6D}.Release|ARM64.ActiveCfg = Release|Win32
		{5E33CF55-8A62-40CD-8F95-C3FC1A177F6D}.Release|x64.ActiveCfg = Release|x64
		{5E33CF55-8A62-40CD-8F95-C3FC1A177F6D}.Release|x64.Build.0 = Release|x64
		{5E33CF55-8A62-40CD-8F95-C3FC1A177F6D}.Release|x86.ActiveCfg = Release|Win32
		{5E33CF55-8A62-40CD-8F95-C3FC1A177F6D}.Release|x86.Build.0 = Release|Win32
		{B3F05DAC-7768-4712-A0EA-3251E43E48ED}.Debug|ARM.ActiveCfg = Debug|Win32
		{B3F05DAC-7768-4712-A0EA-3251E43E48ED}.Debug|ARM64.ActiveCfg = Debug|Win32
		{B3F05DAC-7768-4712-A0EA-3251E43E48ED}.Debug|x64.ActiveCfg = Debug|x64
		{B3F05DAC-7768-4712-A0EA-3251E43E48ED}.Debug|x64.Build.0 = Debug|x64
		{B3F05DAC-7768-4712-A0EA-3251E43E48ED}.Debug|x86.ActiveCfg = Debug|Win32
		{B3F05DAC-7768-4712-A0EA-3251E43E48ED}.Debug|x86.Build.0 = Debug|Win32
		{B3F05DAC-7768-4712-A0EA-3251E43E48ED}.Release|ARM.ActiveCfg = Release|Win32
		{B3F05DAC-7768-4712-A0EA-3251E43E48ED}.Release|ARM64.ActiveCfg = Release|Win32
		{B3F05DAC-7768-4712-A0EA-3251E43E48ED}.Release|x64.ActiveCfg = Release|x64
		{B3F05DAC-7768-4712-A0EA-3251E43E48ED}.Release|x64.Build.0 = Release|x64
		{B3F05DAC-7768-4712-A0EA-3251E43E48ED}.Release|x86.ActiveCfg = Release|Win32
		{B3F05DAC-7768-4712-A0EA-3251E43E48ED}.Release|x86.Build.0 = Release|Win32
		{A56E82A3-5A0F-4053-8BF7-893CD759EC8C}.Debug|ARM.ActiveCfg = Debug|Win32
		{A56E82A3-5A0F-4053-8BF7-893CD759EC8C}.Debug|ARM64.ActiveCfg = Debug|Win32
		{A56E82A3-5A0F-4053-8BF7-893CD759EC8C}.Debug|x64.ActiveCfg = Debug|x64
		{A56E82A3-5A0F-4053-8BF7-893CD759EC8C}.Debug|x64.Build.0 = Debug|x64
		{A56E82A3-5A0F-4053-8BF7-893CD759EC8C}.Debug|x86.ActiveCfg = Debug|Win32
		{A56E82A3-5A0F-4053-8BF7-893CD759EC8C}.Debug|x86.Build.0 = Debug|Win32
		{A56E82A3-5A0F-4053-8BF7-893CD759EC8C}.Release|ARM.ActiveCfg = Release|Win32
		{A56E82A3-5A0F-4053-8BF7-893CD759EC8C}.Release|ARM64.ActiveCfg = Release|Win32
		{A56E82A3-5A0F-4053-8BF7-893CD759EC8C}.Release|x64.ActiveCfg = Release|x64
		{A56E82A3-5A0F-4053-8BF7-893CD759EC8C}.Release|x64.Build.0 = Release|x64
		{A56E82A3-5A0F-4053-8BF7-893CD759EC8C}.Release|x86.ActiveCfg = Release|Win32
		{A56E82A3-5A0F-4053-8BF7-893CD759EC8C}.Release|x86.Build.0 = Release|Win32
		{88AC1B77-6242-4B4D-B3F8-321A2AF04276}.Debug|ARM.ActiveCfg = Debug|Win32
		{88AC1B77-6242-4B4D-B3F8-321A2AF04276}.Debug|ARM64.ActiveCfg = Debug|Win32
		{88AC1B77-6242-4B4D-B3F8-321A2AF04276}.Debug|x64.ActiveCfg = Debug|x64
		{88AC1B77-6242-4B4D-B3F8-321A2AF04276}.Debug|x64.Build.0 = Debug|x64
		{88AC1B77-6242-4B4D-B3F8-321A2AF04276}.Debug|x86.ActiveCfg = Debug|Win32
		{88AC1B77-6242-4B4D-B3F8-321A2AF04276}.Debug|x86.Build.0 = Debug|Win32
		{88AC1B77-6242-4B4D-B3F8-321A2AF04276}.Release|ARM.ActiveCfg = Release|Win32
		{88AC1B77-6242-4B4D-B3F8-321A2AF04276}.Release|ARM64.ActiveCfg = Release|Win32
		{88AC1B77-6242-4B4D-B3F8-321A2AF04276}.Release|x64.ActiveCfg = Release|x64
		{88AC1B77-6242-4B4D-B3F8-321A2AF04276}.Release|x64.Build.0 = Release|x64
		{88AC1B77-6242-4B4D-B3F8-321A2AF04276}.Release|x86.ActiveCfg = Release|Win32
		{88AC1B77-6242-4B4D-B3F8-321A2AF04276}.Release|x86.Build.0 = Release|Win32
		{3E5D243A-AD8E-4C0D-A103-F6E163C38C6D}.Debug|ARM.ActiveCfg = Debug|Win32
		{3E5D243A-AD8E-4C0D-A103-F6E163C38C6D}.Debug|ARM64.ActiveCfg = Debug|Win32
		{3E5D243A-AD8E-4C0D-A103-F6E163C38C6D}.Debug|x64.ActiveCfg = Debug|x64
		{3E5D243A-AD8E-4C0D-A103-F6E163C38C6D}.Debug|x64.Build.0 = Debug|x64
		{3E5D243A-AD8E-4C0D-A103-F6E163C38C6D}.Debug|x86.ActiveCfg = Debug|Win32
		{3E5D243A-AD8E-4C0D-A103-F6E163C38C6D}.Debug|x86.Build.0 = Debug|Win32
		{3E5D243A-AD8E-4C0D-A103-F6E163C38C6D}.Release|ARM.ActiveCfg = Release|Win32
		{3E5D243A-AD8E-4C0D-A103-F6E163C38C6D}.Release|ARM64.ActiveCfg = Release|Win32
		{3E5D243A-AD8E-4C0D-A103-F6E163C38C6D}.Release|x64.ActiveCfg = Release|x64
		{3E5D243A-AD8E-4C0D-A103-F6E163C38C6D}.Release|x64.Build.0 = Release|x64
		{3E5D243A-AD8E-4C0D-A103-F6E163C38C6D}.Release|x86.ActiveCfg = Release|Win32
		{3E5D243A-AD8E-4C0D-A103-F6E163C38C6D}.Release|x86.Build.0 = Release|Win32
		{6381149F-D42E-42DB-A285-B674A674025B}.Debug|ARM.ActiveCfg = Debug|Win32
		{6381149F-D42E-42DB-A285-B674A674025B}.Debug|ARM64.ActiveCfg = Debug|Win32
		{6381149F-D42E-42DB-A285-B674A674025B}.Debug|x64.ActiveCfg = Debug|x64
		{6381149F-D42E-42DB-A285-B674A674025B}.Debug|x64.Build.0 = Debug|x64
		{6381149F-D42E-42DB-A285-B674A674025B}.Debug|x86.ActiveCfg = Debug|Win32
		{6381149F-D42E-42DB-A285-B674A674025B}.Debug|x86.Build.0 = Debug|Win32
		{6381149F-D42E-42DB-A285-B674A674025B}.Release|ARM.ActiveCfg = Release|Win32
		{6381149F-D42E-42DB-A285-B674A674025B}.Release|ARM64.ActiveCfg = Release|Win32
		{6381149F-D42E-42DB-A285-B674A674025B}.Release|x64.ActiveCfg = Release|x64
		{6381149F-D42E-42DB-A285-B674A674025B}.Release|x64.Build.0 = Release|x64
		{6381149F-D42E-42DB-A285-B674A674025B}.Release|x86.ActiveCfg = Release|Win32
		{6381149F-D42E-42DB-A285-B674A674025B}.Release|x86.Build.0 = Release|Win32
		{ADCC1687-E611-4474-AE23-CFC702B4E7A0}.Debug|ARM.ActiveCfg = Debug|Win32
		{ADCC1687-E611-4474-AE23-CFC702B4E7A0}.Debug|ARM64.ActiveCfg = Debug|Win32
		{ADCC1687-E611-4474-AE23-CFC702B4E7A0}.Debug|x64.ActiveCfg = Debug|x64
		{ADCC1687-E611-4474-AE23-CFC702B4E7A0}.Debug|x64.Build.0 = Debug|x64
		{ADCC1687-E611-4474-AE23-CFC702B4E7A0}.Debug|x86.ActiveCfg = Debug|Win32
		{ADCC1687-E611-4474-AE23-CFC702B4E7A0}.Debug|x86.Build.0 = Debug|Win32
		{ADCC1687-E611-4474-AE23-CFC702B4E7A0}.Release|ARM.ActiveCfg = Release|Win32
		{ADCC1687-E611-4474-AE23-CFC702B4E7A0}.Release|ARM64.ActiveCfg = Release|Win32
		{ADCC1687-E611-4474-AE23-CFC702B4E7A0}.Release|x64.ActiveCfg = Release|x64
		{ADCC1687-E611-4474-AE23-CFC702B4E7A0}.Release|x64.Build.0 = Release|x64
		{ADCC1687-E611-4474-AE23-CFC702B4E7A0}.Release|x86.ActiveCfg = Release|Win32
		{ADCC1687-E611-4474-AE23-CFC702B4E7A0}.Release|x86.Build.0 = Release|Win32
		{F53E0F46-F822-40E0-8EEA-4CC1D29FC0EB}.Debug|ARM.ActiveCfg = Debug|Win32
		{F53E0F46-F822-40E0-8EEA-4CC1D29FC0EB}.Debug|ARM64.ActiveCfg = Debug|Win32
		{F53E0F46-F822-40E0-8EEA-4CC1D29FC0EB}.Debug|x64.ActiveCfg = Debug|x64
		{F53E0F46-F822-40E0-8EEA-4CC1D29FC0EB}.Debug|x64.Build.0 = Debug|x64
		{F53E0F46-F822-40E0-8EEA-4CC1D29FC0EB}.Debug|x86.ActiveCfg = Debug|Win32
		{F53E0F46-F822-40E0-8EEA-4CC1D29FC0EB}.Debug|x86.Build.0 = Debug|Win32
		{F53E0F46-F822-40E0-8EEA-4CC1D29FC0EB}.Release|ARM.ActiveCfg = Release|Win32
		{F53E0F46-F822-40E0-8EEA-4CC1D29FC0EB}.Release|ARM64.ActiveCfg = Release|Win32
		{F53E0F46-F822-40E0-8EEA-4CC1D29FC0EB}.Release|x64.ActiveCfg = Release|x64
		{F53E0F46-F822-40E0-8EEA-4CC1D29FC0EB}.Release|x64.Build.0 = Release|x64
		{F53E0F46-F822-40E0-8EEA-4CC1D29FC0EB}.Release|x86.ActiveCfg = Release|Win32
		{F53E0F46-F822-40E0-8EEA-4CC1D29FC0EB}.Release|x86.Build.0 = Release|Win32
		{C06F3C22-4611-45C3-B60E-A733003359D4}.Debug|ARM.ActiveCfg = Debug|Win32
		{C06F3C22-4611-45C3-B60E-A733003359D4}.Debug|ARM64.ActiveCfg = Debug|Win32
		{C06F3C22-4611-45C3-B60E-A733003359D4}.Debug|x64.ActiveCfg = Debug|x64
		{C06F3C22-4611-45C3-B60E-A733003359D4}.Debug|x64.Build.0 = Debug|x64
		{C06F3C22-4611-45C3-B60E-A733003359D4}.Debug|x86.ActiveCfg = Debug|Win32
		{C06F3C22-4611-45C3-B60E-A733003359D4}.Debug|x86.Build.0 = Debug|Win32
		{C06F3C22-4611-45C3-B60E-A733003359D4}.Release|ARM.ActiveCfg = Release|Win32
		{C06F3C22-4611-45C3-B60E-A733003359D4}.Release|ARM64.ActiveCfg = Release|Win32
		{C06F3C22-4611-45C3-B60E-A733003359D4}.Release|x64.ActiveCfg = Release|x64
		{C06F3C22-4611-45C3-B60E-A733003359D4}.Release|x64.Build.0 = Release|x64
		{C06F3C22-4611-45C3-B60E-A733003359D4}.Release|x86.ActiveCfg = Release|Win32
		{C06F3C22-4611-45C3-B60E-A733003359D4}.Release|x86.Build.0 = Release|Win32
		{6DA4E347-8EEE-4E30-9865-8199DC4C324B}.Debug|ARM.ActiveCfg = Debug|Win32
		{6DA4E347-8EEE-4E30-9865-8199DC4C324B}.Debug|ARM64.ActiveCfg = Debug|Win32
		{6DA4E347-8EEE-4E30-9865-8199DC4C324B}.Debug|x64.ActiveCfg = Debug|x64
		{6DA4E347-8EEE-4E30-9865-8199DC4C324B}.Debug|x64.Build.0 = Debug|x64
		{6DA4E347-8EEE-4E30-9865-8199DC4C324B}.Debug|x86.ActiveCfg = Debug|Win32
		{6DA4E347-8EEE-4E30-9865-8199DC4C324B}.Debug|x86.Build.0 = Debug|Win32
		{6DA4E347-8EEE-4E30-9865-8199DC4C324B}.Release|ARM.ActiveCfg = Release|Win32
		{6DA4E347-8EEE-4E30-9865-8199DC4C324B}.Release|ARM64.ActiveCfg = Release|Win32
		{6DA4E347-8EEE-4E30-9865-8199DC4C324B}.Release|x64.ActiveCfg = Release|x64
		{6DA4E347-8EEE-4E30-9865-8199DC4C324B}.Release|x64.Build.0 = Release|x64
		{6DA4E347-8EEE-4E30-9865-8199DC4C324B}.Release|x86.ActiveCfg = Release|Win32
		{6DA4E347-8EEE-4E30-9865-8199DC4C324B}.Release|x86.Build.0 = Release|Win32
		{7368B7D1-60C0-4C95-B3C8-4EBCD2EDBC04}.Debug|ARM.ActiveCfg = Debug|Win32
		{7368B7D1-60C0-4C95-B3C8-4EBCD2EDBC04}.Debug|ARM64.ActiveCfg = Debug|Win32
		{7368B7D1-60C0-4C95-B3C8-4EBCD2EDBC04}.Debug|x64.ActiveCfg = Debug|x64
		{7368B7D1-60C0-4C95-B3C8-4EBCD2EDBC04}.Debug|x64.Build.0 = Debug|x64
		{7368B7D1-60C0-4C95-B3C8-4EBCD2EDBC04}.Debug|x86.ActiveCfg = Debug|Win32
		{7368B7D1-60C0-4C95-B3C8-4EBCD2EDBC04}.Debug|x86.Build.0 = Debug|Win32
		{7368B7D1-60C0-4C95-B3C8-4EBCD2EDBC04}.Release|ARM.ActiveCfg = Release|Win32
		{7368B7D1-60C0-4C95-B3C8-4EBCD2EDBC04}.Release|ARM64.ActiveCfg = Release|Win32
		{7368B7D1-60C0-4C95-B3C8-4EBCD2EDBC04}.Release|x64.ActiveCfg = Release|x64
		{7368B7D1-60C0-4C95-B3C8-4EBCD2EDBC04}.Release|x64.Build.0 = Release|x64
		{7368B7D1-60C0-4C95-B3C8-4EBCD2EDBC04}.Release|x86.ActiveCfg = Release|Win32
		{7368B7D1-60C0-4C95-B3C8-4EBCD2EDBC04}.Release|x86.Build.0 = Release|Win32
		{58C77736-9375-4053-A202-65102547490D}.Debug|ARM.ActiveCfg = Debug|Win32
		{58C77736-9375-4053-A202-65102547490D}.Debug|ARM64.ActiveCfg = Debug|Win32
		{58C77736-9375-4053-A202-65102547490D}.Debug|x64.ActiveCfg = Debug|x64
		{58C77736-9375-4053-A202-65102547490D}.Debug|x64.Build.0 = Debug|x64
		{58C77736-9375-4053-A202-65102547490D}.Debug|x86.ActiveCfg = Debug|Win32
		{58C77736-9375-4053-A202-65102547490D}.Debug|x86.Build.0 = Debug|Win32
		{58C77736-9375-4053-A202-65102547490D}.Release|ARM.ActiveCfg = Release|Win32
		{58C77736-9375-4053-A202-65102547490D}.Release|ARM64.ActiveCfg = Release|Win32
		{58C77736-9375-4053-A202-65102547490D}.Release|x64.ActiveCfg = Release|x64
		{58C77736-9375-4053-A202-65102547490D}.Release|x64.Build.0 = Release|x64
		{58C77736-9375-4053-A202-65102547490D}.Release|x86.ActiveCfg = Release|Win32
		{58C77736-9375-4053-A202-65102547490D}.Release|x86.Build.0 = Release|Win32
		{A675043F-F8E7-425B-8FA4-E23DF4C0E6CE}.Debug|ARM.ActiveCfg = Debug|Win32
		{A675043F-F8E7-425B-8FA4-E23DF4C0E6CE}.Debug|ARM64.ActiveCfg = Debug|Win32
		{A675043F-F8E7-425B-8FA4-E23DF4C0E6CE}.Debug|x64.ActiveCfg = Debug|x64
		{A675043F-F8E7-425B-8FA4-E23DF4C0E6CE}.Debug|x64.Build.0 = Debug|x64
		{A675043F-F8E7-425B-8FA4-E23DF4C0E6CE}.Debug|x86.ActiveCfg = Debug|Win32
		{A675043F-F8E7-425B-8FA4-E23DF4C0E6CE}.Debug|x86.Build.0 = Debug|Win32
		{A675043F-F8E7-425B-8FA4-E23DF4C0E6CE}.Release|ARM.ActiveCfg = Release|Win32
		{A675043F-F8E7-425B-8FA4-E23DF4C0E6CE}.Release|ARM64.ActiveCfg = Release|Win32
		{A675043F-F8E7-425B-8FA4-E23DF4C0E6CE}.Release|x64.ActiveCfg = Release|x64
		{A675043F-F8E7-425B-8FA4-E23DF4C0E6CE}.Release|x64.Build.0 = Release|x64
		{A675043F-F8E7-425B-8FA4-E23DF4C0E6CE}.Release|x86.ActiveCfg = Release|Win32
		{A675043F-F8E7-425B-8FA4-E23DF4C0E6CE}.Release|x86.Build.0 = Release|Win32
		{BE9233ED-374A-4458-9F5A-5A7A75305EAE}.Debug|ARM.ActiveCfg = Debug|Win32
		{BE9233ED-374A-4458-9F5A-5A7A75305EAE}.Debug|ARM64.ActiveCfg = Debug|Win32
		{BE9233ED-374A-4458-9F5A-5A7A75305EAE}.Debug|x64.ActiveCfg = Debug|x64
		{BE9233ED-374A-4458-9F5A-5A7A75305EAE}.Debug|x64.Build.0 = Debug|x64
		{BE9233ED-374A-4458-9F5A-5A7A75305EAE}.Debug|x86.ActiveCfg = Debug|Win32
		{BE9233ED-374A-4458-9F5A-5A7A75305EAE}.Debug|x86.Build.0 = Debug|Win32
		{BE9233ED-374A-4458-9F5A-5A7A75305EAE}.Release|ARM.ActiveCfg = Release|Win32
		{BE9233ED-374A-4458-9F5A-5A7A75305EAE}.Release|ARM64.ActiveCfg = Release|Win32
		{BE9233ED-374A-4458-9F5A-5A7A75305EAE}.Release|x64.ActiveCfg = Release|x64
		{BE9233ED-374A-4458-9F5A-5A7A75305EAE}.Release|x64.Build.0 = Release|x64
		{BE9233ED-374A-4458-9F5A-5A7A75305EAE}.Release|x86.ActiveCfg = Release|Win32
		{BE9233ED-374A-4458-9F5A-5A7A75305EAE}.Release|x86.Build.0 = Release|Win32
		{6AAC4395-0F27-42D3-ABA1-FBA9404059D0}.Debug|ARM.ActiveCfg = Debug|Win32
		{6AAC4395-0F27-42D3-ABA1-FBA9404059D0}.Debug|ARM64.ActiveCfg = Debug|Win32
		{6AAC4395-0F27-42D3-ABA1-FBA9404059D0}.Debug|x64.ActiveCfg = Debug|x64
		{6AAC4395-0F27-42D3-ABA1-FBA9404059D0}.Debug|x64.Build.0 = Debug|x64
		{6AAC4395-0F27-42D3-ABA1-FBA9404059D0}.Debug|x86.ActiveCfg = Debug|Win32
		{6AAC4395-0F27-42D3-ABA1-FBA9404059D0}.Debug|x86.Build.0 = Debug|Win32
		{6AAC4395-0F27-42D3-ABA1-FBA9404059D0}.Release|ARM.ActiveCfg = Release|Win32
		{6AAC4395-0F27-42D3-ABA1-FBA9404059D0}.Release|ARM64.ActiveCfg = Release|Win32
		{6AAC4395-0F27-42D3-ABA1-FBA9404059D0}.Release|x64.ActiveCfg = Release|x64
		{6AAC4395-0F27-42D3-ABA1-FBA9404059D0}.Release|x64.Build.0 = Release|x64
		{6AAC4395-0F27-42D3-ABA1-FBA9404059D0}.Release|x86.ActiveCfg = Release|Win32
		{6AAC4395-0F27-42D3-ABA1-FBA9404059D0}.Release|x86.Build.0 = Release|Win32
		{7A7B8B7B-5537-4987-92A1-78AB9F387F78}.Debug|ARM.ActiveCfg = Debug|Win32
		{7A7B8B7B-5537-4987-92A1-78AB9F387F78}.Debug|ARM64.ActiveCfg = Debug|Win32
		{7A7B8B7B-5537-4987-92A1-78AB9F387F78}.Debug|x64.ActiveCfg = Debug|x64
		{7A7B8B7B-5537-4987-92A1-78AB9F387F78}.Debug|x64.Build.0 = Debug|x64
		{7A7B8B7B-5537-4987-92A1-78AB9F387F78}.Debug|x86.ActiveCfg = Debug|Win32
		{7A7B8B7B-5537-4987-92A1-78AB9F387F78}.Debug|x86.Build.0 = Debug|Win32
		{7A7B8B7B-5537-4987-92A1-78AB9F387F78}.Release|ARM.ActiveCfg = Release|Win32
		{7A7B8B7B-5537-4987-92A1-78AB9F387F78}.Release|ARM64.ActiveCfg = Release|Win32
		{7A7B8B7B-5537-4987-92A1-78AB9F387F78}.Release|x64.ActiveCfg = Release|x64
		{7A7B8B7B-5537-4987-92A1-78AB9F387F78}.Release|x64.Build.0 = Release|x64
		{7A7B8B7B-5537-4987-92A1-78AB9F387F78}.Release|x86.ActiveCfg = Release|Win32
		{7A7B8B7B-5537-4987-92A1-78AB9F387F78}.Release|x86.Build.0 = Release|Win32
		{F437A9F8-EEC0-4031-878E-925D7B1927D0}.Debug|ARM.ActiveCfg = Debug|Win32
		{F437A9F8-EEC0-4031-878E-925D7B1927D0}.Debug|ARM64.ActiveCfg = Debug|Win32
		{F437A9F8-EEC0-4031-878E-925D7B1927D0}.Debug|x64.ActiveCfg = Debug|x64
		{F437A9F8-EEC0-4031-878E-925D7B1927D0}.Debug|x64.Build.0 = Debug|x64
		{F437A9F8-EEC0-4031-878E-925D7B1927D0}.Debug|x86.ActiveCfg = Debug|Win32
		{F437A9F8-EEC0-4031-878E-925D7B1927D0}.Debug|x86.Build.0 = Debug|Win32
		{F437A9F8-EEC0-4031-878E-925D7B1927D0}.Release|ARM.ActiveCfg = Release|Win32
		{F437A9F8-EEC0-4031-878E-925D7B1927D0}.Release|ARM64.ActiveCfg = Release|Win32
		{F437A9F8-EEC0-4031-878E-925D7B1927D0}.Release|x64.ActiveCfg = Release|x64
		{F437A9F8-EEC0-4031-878E-925D7B1927D0}.Release|x64.Build.0 = Release|x64
		{F437A9F8-EEC0-4031-878E-925D7B1927D0}.Release|x86.ActiveCfg = Release|Win32
		{F437A9F8-EEC0-4031-878E-925D7B1927D0}.Release|x86.Build.0 = Release|Win32
		{842B589F-8F04-43EE-97D3-9D3A3835EBAF}.Debug|ARM.ActiveCfg = Debug|Win32
		{842B589F-8F04-43EE-97D3-9D3A3835EBAF}.Debug|ARM64.ActiveCfg = Debug|Win32
		{842B589F-8F04-43EE-97D3-9D3A3835EBAF}.Debug|x64.ActiveCfg = Debug|x64
		{842B589F-8F04-43EE-97D3-9D3A3835EBAF}.Debug|x64.Build.0 = Debug|x64
		{842B589F-8F04-43EE-97D3-9D3A3835EBAF}.Debug|x86.ActiveCfg = Debug|Win32
		{842B589F-8F04-43EE-97D3-9D3A3835EBAF}.Debug|x86.Build.0 = Debug|Win32
		{842B589F-8F04-43EE-97D3-9D3A3835EBAF}.Release|ARM.ActiveCfg = Release|Win32
		{842B589F-8F04-43EE-97D3-9D3A3835EBAF}.Release|ARM64.ActiveCfg = Release|Win32
		{842B589F-8F04-43EE-97D3-9D3A3835EBAF}.Release|x64.ActiveCfg = Release|x64
		{842B589F-8F04-43EE-97D3-9D3A3835EBAF}.Release|x64.Build.0 = Release|x64
		{842B589F-8F04-43EE-97D3-9D3A3835EBAF}.Release|x86.ActiveCfg = Release|Win32
		{842B589F-8F04-43EE-97D3-9D3A3835EBAF}.Release|x86.Build.0 = Release|Win32
		{567D3B68-F1C9-487E-B74E-4CD5CFB48106}.Debug|ARM.ActiveCfg = Debug|Win32
		{567D3B68-F1C9-487E-B74E-4CD5CFB48106}.Debug|ARM64.ActiveCfg = Debug|Win32
		{567D3B68-F1C9-487E-B74E-4CD5CFB48106}.Debug|x64.ActiveCfg = Debug|x64
		{567D3B68-F1C9-487E-B74E-4CD5CFB48106}.Debug|x64.Build.0 = Debug|x64
		{567D3B68-F1C9-487E-B74E-4CD5CFB48106}.Debug|x86.ActiveCfg = Debug|Win32
		{567D3B68-F1C9-487E-B74E-4CD5CFB48106}.Debug|x86.Build.0 = Debug|Win32
		{567D3B68-F1C9-487E-B74E-4CD5CFB48106}.Release|ARM.ActiveCfg = Release|Win32
		{567D3B68-F1C9-487E-B74E-4CD5CFB48106}.Release|ARM64.ActiveCfg = Release|Win32
		{567D3B68-F1C9-487E-B74E-4CD5CFB48106}.Release|x64.ActiveCfg = Release|x64
		{567D3B68-F1C9-487E-B74E-4CD5CFB48106}.Release|x64.Build.0 = Release|x64
		{567D3B68-F1C9-487E-B74E-4CD5CFB48106}.Release|x86.ActiveCfg = Release|Win32
		{567D3B68-F1C9-487E-B74E-4CD5CFB48106}.Release|x86.Build.0 = Release|Win32
		{9BFFCF30-CFDA-4788-AC2D-5EB80238AE44}.Debug|ARM.ActiveCfg = Debug|Win32
		{9BFFCF30-CFDA-4788-AC2D-5EB80238AE44}.Debug|ARM64.ActiveCfg = Debug|Win32
		{9BFFCF30-CFDA-4788-AC2D-5EB80238AE44}.Debug|x64.ActiveCfg = Debug|x64
		{9BFFCF30-CFDA-4788-AC2D-5EB80238AE44}.Debug|x64.Build.0 = Debug|x64
		{9BFFCF30-CFDA-4788-AC2D-5EB80238AE44}.Debug|x86.ActiveCfg = Debug|Win32
		{9BFFCF30-CFDA-4788-AC2D-5EB80238AE44}.Debug|x86.Build.0 = Debug|Win32
		{9BFFCF30-CFDA-4788-AC2D-5EB80238AE44}.Release|ARM.ActiveCfg = Release|Win32
		{9BFFCF30-CFDA-4788-AC2D-5EB80238AE44}.Release|ARM64.ActiveCfg = Release|Win32
		{9BFFCF30-CFDA-4788-AC2D-5EB80238AE44}.Release|x64.ActiveCfg = Release|x64
		{9BFFCF30-CFDA-4788-AC2D-5EB80238AE44}.Release|x64.Build.0 = Release|x64
		{9BFFCF30-CFDA-4788-AC2D-5EB80238AE44}.Release|x86.ActiveCfg = Release|Win32
		{9BFFCF30-CFDA-4788-AC2D-5EB80238AE44}.Release|x86.Build.0 = Release|Win32
		{CF29B4B6-AF90-4309-B430-9137E34B5058}.Debug|ARM.ActiveCfg = Debug|Win32
		{CF29B4B6-AF90-4309-B430-9137E34B5058}.Debug|ARM64.ActiveCfg = Debug|Win32
		{CF29B4B6-AF90-4309-B430-9137E34B5058}.Debug|x64.ActiveCfg = Debug|x64
		{CF29B4B6-AF90-4309-B430-9137E34B5058}.Debug|x64.Build.0 = Debug|x64
		{CF29B4B6-AF90-4309-B430-9137E34B5058}.Debug|x86.ActiveCfg = Debug|Win32
		{CF29B4B6-AF90-4309-B430-9137E34B5058}.Debug|x86.Build.0 = Debug|Win32
		{CF29B4B6-AF90-4309-B430-9137E34B5058}.Release|ARM.ActiveCfg = Release|Win32
		{CF29B4B6-AF90-4309-B430-9137E34B5058}.Release|ARM64.ActiveCfg = Release|Win32
		{CF29B4B6-AF90-4309-B430-9137E34B5058}.Release|x64.ActiveCfg = Release|x64
		{CF29B4B6-AF90-4309-B430-9137E34B5058}.Release|x64.Build.0 = Release|x64
		{CF29B4B6-AF90-4309-B430-9137E34B5058}.Release|x86.ActiveCfg = Release|Win32
		{CF29B4B6-AF90-4309-B430-9137E34B5058}.Release|x86.Build.0 = Release|Win32
		{9A93CE56-7E90-4A45-AC4D-25516D8DBB06}.Debug|ARM.ActiveCfg = Debug|Win32
		{9A93CE56-7E90-4A45-AC4D-25516D8DBB06}.Debug|ARM64.ActiveCfg = Debug|Win32
		{9A93CE56-7E90-4A45-AC4D-25516D8DBB06}.Debug|x64.ActiveCfg = Debug|x64
		{9A93CE56-7E90-4A45-AC4D-25516D8DBB06}.Debug|x64.Build.0 = Debug|x64
		{9A93CE56-7E90-4A45-AC4D-25516D8DBB06}.Debug|x86.ActiveCfg = Debug|Win32
		{9A93CE56-7E90-4A45-AC4D-25516D8DBB06}.Debug|x86.Build.0 = Debug|Win32
		{9A93CE56-7E90-4A45-AC4D-25516D8DBB06}.Release|ARM.ActiveCfg = Release|Win32
		{9A93CE56-7E90-4A45-AC4D-25516D8DBB06}.Release|ARM64.ActiveCfg = Release|Win32
		{9A93CE56-7E90-4A45-AC4D-25516D8DBB06}.Release|x64.ActiveCfg = Release|x64
		{9A93CE56-7E90-4A45-AC4D-25516D8DBB06}.Release|x64.Build.0 = Release|x64
		{9A93CE56-7E90-4A45-AC4D-25516D8DBB06}.Release|x86.ActiveCfg = Release|Win32
		{9A93CE56-7E90-4A45-AC4D-25516D8DBB06}.Release|x86.Build.0 = Release|Win32
		{40F9CE88-4DAB-4BDC-8CEA-BD5679662F2B}.Debug|ARM.ActiveCfg = Debug|Win32
		{40F9CE88-4DAB-4BDC-8CEA-BD5679662F2B}.Debug|ARM64.ActiveCfg = Debug|Win32
		{40F9CE88-4DAB-4BDC-8CEA-BD5679662F2B}.Debug|x64.ActiveCfg = Debug|x64
		{40F9CE88-4DAB-4BDC-8CEA-BD5679662F2B}.Debug|x64.Build.0 = Debug|x64
		{40F9CE88-4DAB-4BDC-8CEA-BD5679662F2B}.Debug|x86.ActiveCfg = Debug|Win32
		{40F9CE88-4DAB-4BDC-8CEA-BD5679662F2B}.Debug|x86.Build.0 = Debug|Win32
		{40F9CE88-4DAB-4BDC-8CEA-BD5679662F2B}.Release|ARM.ActiveCfg = Release|Win32
		{40F9CE88-4DAB-4BDC-8CEA-BD5679662F2B}.Release|ARM64.ActiveCfg = Release|Win32
		{40F9CE88-4DAB-4BDC-8CEA-BD5679662F2B}.Release|x64.ActiveCfg = Release|x64
		{40F9CE88-4DAB-4BDC-8CEA-BD5679662F2B}.Release|x64.Build.0 = Release|x64
		{40F9CE88-4DAB-4BDC-8CEA-BD5679662F2B}.Release|x86.ActiveCfg = Release|Win32
		{40F9CE88-4DAB-4BDC-8CEA-BD5679662F2B}.Release|x86.Build.0 = Release|Win32
		{B9C6C129-674C-48B1-98E9-B0C8E91C1F43}.Debug|ARM.ActiveCfg = Debug|Win32
		{B9C6C129-674C-48B1-98E9-B0C8E91C1F43}.Debug|ARM64.ActiveCfg = Debug|Win32
		{B9C6C129-674C-48B1-98E9-B0C8E91C1F43}.Debug|x64.ActiveCfg = Debug|x64
		{B9C6C129-674C-48B1-98E9-B0C8E91C1F43}.Debug|x64.Build.0 = Debug|x64
		{B9C6C129-674C-48B1-98E9-B0C8E91C1F43}.Debug|x86.ActiveCfg = Debug|Win32
		{B9C6C129-674C-48B1-98E9-B0C8E91C1F43}.Debug|x86.Build.0 = Debug|Win32
		{B9C6C129-674C-48B1-98E9-B0C8E91C1F43}.Release|ARM.ActiveCfg = Release|Win32
		{B9C6C129-674C-48B1-98E9-B0C8E91C1F43}.Release|ARM64.ActiveCfg = Release|Win32
		{B9C6C129-674C-48B1-98E9-B0C8E91C1F43}.Release|x64.ActiveCfg = Release|x64
		{B9C6C129-674C-48B1-98E9-B0C8E91C1F43}.Release|x64.Build.0 = Release|x64
		{B9C6C129-674C-48B1-98E9-B0C8E91C1F43}.Release|x86.ActiveCfg = Release|Win32
		{B9C6C129-674C-48B1-98E9-B0C8E91C1F43}.Release|x86.Build.0 = Release|Win32
		{7DC86A2A-D285-4C26-BC14-E74146246D96}.Debug|ARM.ActiveCfg = Debug|Win32
		{7DC86A2A-D285-4C26-BC14-E74146246D96}.Debug|ARM64.ActiveCfg = Debug|Win32
		{7DC86A2A-D285-4C26-BC14-E74146246D96}.Debug|x64.ActiveCfg = Debug|x64
		{7DC86A2A-D285-4C26-BC14-E74146246D96}.Debug|x64.Build.0 = Debug|x64
		{7DC86A2A-D285-4C26-BC14-E74146246D96}.Debug|x86.ActiveCfg = Debug|Win32
		{7DC86A2A-D285-4C26-BC14-E74146246D96}.Debug|x86.Build.0 = Debug|Win32
		{7DC86A2A-D285-4C26-BC14-E74146246D96}.Release|ARM.ActiveCfg = Release|Win32
		{7DC86A2A-D285-4C26-BC14-E74146246D96}.Release|ARM64.ActiveCfg = Release|Win32
		{7DC86A2A-D285-4C26-BC14-E74146246D96}.Release|x64.ActiveCfg = Release|x64
		{7DC86A2A-D285-4C26-BC14-E74146246D96}.Release|x64.Build.0 = Release|x64
		{7DC86A2A-D285-4C26-BC14-E74146246D96}.Release|x86.ActiveCfg = Release|Win32
		{7DC86A2A-D285-4C26-BC14-E74146246D96}.Release|x86.Build.0 = Release|Win32
		{93FB880C-7467-4A70-800A-56DD276BA10E}.Debug|ARM.ActiveCfg = Debug|Win32
		{93FB880C-7467-4A70-800A-56DD276BA10E}.Debug|ARM64.ActiveCfg = Debug|Win32
		{93FB880C-7467-4A70-800A-56DD276BA10E}.Debug|x64.ActiveCfg = Debug|x64
		{93FB880C-7467-4A70-800A-56DD276BA10E}.Debug|x64.Build.0 = Debug|x64
		{93FB880C-7467-4A70-800A-56DD276BA10E}.Debug|x86.ActiveCfg = Debug|Win32
		{93FB880C-7467-4A70-800A-56DD276BA10E}.Debug|x86.Build.0 = Debug|Win32
		{93FB880C-7467-4A70-800A-56DD276BA10E}.Release|ARM.ActiveCfg = Release|Win32
		{93FB880C-7467-4A70-800A-56DD276BA10E}.Release|ARM64.ActiveCfg = Release|Win32
		{93FB880C-7467-4A70-800A-56DD276BA10E}.Release|x64.ActiveCfg = Release|x64
		{93FB880C-7467-4A70-800A-56DD276BA10E}.Release|x64.Build.0 = Release|x64
		{93FB880C-7467-4A70-800A-56DD276BA10E}.Release|x86.ActiveCfg = Release|Win32
		{93FB880C-7467-4A70-800A-56DD276BA10E}.Release|x86.Build.0 = Release|Win32
		{183C72F6-7533-42FB-B016-451D6FDB509C}.Debug|ARM.ActiveCfg = Debug|Win32
		{183C72F6-7533-42FB-B016-451D6FDB509C}.Debug|ARM64.ActiveCfg = Debug|Win32
		{183C72F6-7533-42FB-B016-451D6FDB509C}.Debug|x64.ActiveCfg = Debug|x64
		{183C72F6-7533-42FB-B016-451D6FDB509C}.Debug|x64.Build.0 = Debug|x64
		{183C72F6-7533-42FB-B016-451D6FDB509C}.Debug|x86.ActiveCfg = Debug|Win32
		{183C72F6-7533-42FB-B016-451D6FDB509C}.Debug|x86.Build.0 = Debug|Win32
		{183C72F6-7533-42FB-B016-451D6FDB509C}.Release|ARM.ActiveCfg = Release|Win32
		{183C72F6-7533-42FB-B016-451D6FDB509C}.Release|ARM64.ActiveCfg = Release|Win32
		{183C72F6-7533-42FB-B016-451D6FDB509C}.Release|x64.ActiveCfg = Release|x64
		{183C72F6-7533-42FB-B016-451D6FDB509C}.Release|x64.Build.0 = Release|x64
		{183C72F6-7533-42FB-B016-451D6FDB509C}.Release|x86.ActiveCfg = Release|Win32
		{183C72F6-7533-42FB-B016-451D6FDB509C}.Release|x86.Build.0 = Release|Win32
		{83A05D87-5EF3-4576-929C-86017E70FB0B}.Debug|ARM.ActiveCfg = Debug|Win32
		{83A05D87-5EF3-4576-929C-86017E70FB0B}.Debug|ARM64.ActiveCfg = Debug|Win32
		{83A05D87-5EF3-4576-929C-86017E70FB0B}.Debug|x64.ActiveCfg = Debug|x64
		{83A05D87-5EF3-4576-929C-86017E70FB0B}.Debug|x64.Build.0 = Debug|x64
		{83A05D87-5EF3-4576-929C-86017E70FB0B}.Debug|x86.ActiveCfg = Debug|Win32
		{83A05D87-5EF3-4576-929C-86017E70FB0B}.Debug|x86.Build.0 = Debug|Win32
		{83A05D87-5EF3-4576-929C-86017E70FB0B}.Release|ARM.ActiveCfg = Release|Win32
		{83A05D87-5EF3-4576-929C-86017E70FB0B}.Release|ARM64.ActiveCfg = Release|Win32
		{83A05D87-5EF3-4576-929C-86017E70FB0B}.Release|x64.ActiveCfg = Release|x64
		{83A05D87-5EF3-4576-929C-86017E70FB0B}.Release|x64.Build.0 = Release|x64
		{83A05D87-5EF3-4576-929C-86017E70FB0B}.Release|x86.ActiveCfg = Release|Win32
		{83A05D87-5EF3-4576-929C-86017E70FB0B}.Release|x86.Build.0 = Release|Win32
		{87CFB45C-9552-48BF-9D1E-78EF08CDAE44}.Debug|ARM.ActiveCfg = Debug|Win32
		{87CFB45C-9552-48BF-9D1E-78EF08CDAE44}.Debug|ARM64.ActiveCfg = Debug|Win32
		{87CFB45C-9552-48BF-9D1E-78EF08CDAE44}.Debug|x64.ActiveCfg = Debug|x64
		{87CFB45C-9552-48BF-9D1E-78EF08CDAE44}.Debug|x64.Build.0 = Debug|x64
		{87CFB45C-9552-48BF-9D1E-78EF08CDAE44}.Debug|x86.ActiveCfg = Debug|Win32
		{87CFB45C-9552-48BF-9D1E-78EF08CDAE44}.Debug|x86.Build.0 = Debug|Win32
		{87CFB45C-9552-48BF-9D1E-78EF08CDAE44}.Release|ARM.ActiveCfg = Release|Win32
		{87CFB45C-9552-48BF-9D1E-78EF08CDAE44}.Release|ARM64.ActiveCfg = Release|Win32
		{87CFB45C-9552-48BF-9D1E-78EF08CDAE44}.Release|x64.ActiveCfg = Release|x64
		{87CFB45C-9552-48BF-9D1E-78EF08CDAE44}.Release|x64.Build.0 = Release|x64
		{87CFB45C-9552-48BF-9D1E-78EF08CDAE44}.Release|x86.ActiveCfg = Release|Win32
		{87CFB45C-9552-48BF-9D1E-78EF08CDAE44}.Release|x86.Build.0 = Release|Win32
	EndGlobalSection
	GlobalSection(SolutionProperties) = preSolution
		HideSolutionNode = FALSE
	EndGlobalSection
	GlobalSection(ExtensibilityGlobals) = postSolution
		SolutionGuid = {22490604-DEB1-4BB2-B04D-81FB06754734}
	EndGlobalSection
EndGlobal
