
Microsoft Visual Studio Solution File, Format Version 12.00
# Visual Studio Version 16
VisualStudioVersion = 16.0.29418.71
MinimumVisualStudioVersion = 10.0.40219.1
Project("{8BC9CEB8-8B4A-11D0-8D11-00A0C91BC942}") = "stl5_iterator", "src\stl5_iterator\stl5_iterator.vcxproj", "{0A0DB555-22E1-4F4A-87F5-33F5DD631C9E}"
EndProject
Project("{8BC9CEB8-8B4A-11D0-8D11-00A0C91BC942}") = "stl7_array", "src\stl7_array\stl7_array.vcxproj", "{9355332C-5BE1-4331-AC0A-E18CD7C86BBB}"
EndProject
Project("{8BC9CEB8-8B4A-11D0-8D11-00A0C91BC942}") = "stl9_vector", "src\stl9_vector\stl9_vector.vcxproj", "{2EF1A118-1620-436B-9012-565B2F931FC7}"
EndProject
Project("{8BC9CEB8-8B4A-11D0-8D11-00A0C91BC942}") = "stl12_deque", "src\stl12_deque\stl12_deque.vcxproj", "{52628CA5-13A5-49ED-89FB-62990E0E0B92}"
EndProject
Project("{8BC9CEB8-8B4A-11D0-8D11-00A0C91BC942}") = "STL15_list", "src\STL15_list\STL15_list.vcxproj", "{5E5EDEFC-575F-4CA0-98E0-77D6284AAE4D}"
EndProject
Project("{8BC9CEB8-8B4A-11D0-8D11-00A0C91BC942}") = "stl18_forward_list", "src\stl18_forward_list\stl18_forward_list.vcxproj", "{7AFCC291-9739-439A-8E76-7D9FC3F9D13B}"
EndProject
Project("{8BC9CEB8-8B4A-11D0-8D11-00A0C91BC942}") = "test", "src\test\test.vcxproj", "{CEE74981-D877-4F89-9543-0960957C5822}"
EndProject
Project("{8BC9CEB8-8B4A-11D0-8D11-00A0C91BC942}") = "stl21_stack", "src\stl_stack\stl_stack.vcxproj", "{D8D3DA6F-5722-4153-9D2E-9234CFB2A100}"
EndProject
Project("{8BC9CEB8-8B4A-11D0-8D11-00A0C91BC942}") = "stl22_queue", "src\stl22_queue\stl22_queue.vcxproj", "{D2C86F23-180A-41C7-9C36-6E955F6F409B}"
EndProject
Project("{8BC9CEB8-8B4A-11D0-8D11-00A0C91BC942}") = "stl25_priority_queue", "src\stl25_priority_queue\stl25_priority_queue.vcxproj", "{80D8277A-5FB4-41F3-B195-1266150427BB}"
EndProject
Project("{8BC9CEB8-8B4A-11D0-8D11-00A0C91BC942}") = "stl27_set", "stl27_set\stl27_set.vcxproj", "{53E6A59B-05C8-4788-B500-4955C245287E}"
EndProject
Project("{8BC9CEB8-8B4A-11D0-8D11-00A0C91BC942}") = "stl29_map", "src\stl29_map\stl29_map.vcxproj", "{95396E65-B8C5-4168-B45C-CAAF522D7DB0}"
EndProject
Project("{8BC9CEB8-8B4A-11D0-8D11-00A0C91BC942}") = "stl32_multiset", "src\stl32_multiset\stl32_multiset.vcxproj", "{E9EA8C61-66F0-4FEE-BA2D-5E94186C9524}"
EndProject
Project("{8BC9CEB8-8B4A-11D0-8D11-00A0C91BC942}") = "multimap", "src\multimap\multimap.vcxproj", "{6EDA0153-97F8-45A4-8B1F-12B506BA39E8}"
EndProject
Project("{8BC9CEB8-8B4A-11D0-8D11-00A0C91BC942}") = "stl35_unrodered_set", "src\stl35_unrodered_set\stl35_unrodered_set.vcxproj", "{723E0E36-4BC5-4045-8839-DD626E0B7381}"
EndProject
Project("{8BC9CEB8-8B4A-11D0-8D11-00A0C91BC942}") = "stl36_unordered_map", "src\stl36_unordered_map\stl36_unordered_map.vcxproj", "{63A27F48-B72C-4F58-AF4E-D3DC829811EC}"
EndProject
Project("{8BC9CEB8-8B4A-11D0-8D11-00A0C91BC942}") = "stl40_functor", "src\stl40_functor\stl40_functor.vcxproj", "{E932EF92-D01E-49FA-A1A7-91E2FF344132}"
EndProject
Project("{8BC9CEB8-8B4A-11D0-8D11-00A0C91BC942}") = "STL41_functor2", "src\STL41_functor2\STL41_functor2.vcxproj", "{2BAA9FA2-50E9-483F-ABE3-E034F7F25ACD}"
EndProject
Project("{8BC9CEB8-8B4A-11D0-8D11-00A0C91BC942}") = "STL42_predefined_function_object", "src\STL42_predefined_function_object\STL42_predefined_function_object.vcxproj", "{9E46D0A3-C318-45AA-BDDE-A07491DF7F6C}"
EndProject
Project("{8BC9CEB8-8B4A-11D0-8D11-00A0C91BC942}") = "stl43_functor_adapter", "src\stl43_functor_adapter\stl43_functor_adapter.vcxproj", "{E1E3B694-C15F-40CE-AD98-15E96910D0E4}"
EndProject
Project("{8BC9CEB8-8B4A-11D0-8D11-00A0C91BC942}") = "STL44_algtothm", "src\STL44_algtothm\STL44_algtothm.vcxproj", "{A7B0E5A9-11C8-4151-80B1-B09C887399E1}"
EndProject
Project("{8BC9CEB8-8B4A-11D0-8D11-00A0C91BC942}") = "STL45_algotithm2", "src\STL45_algotithm2\STL45_algotithm2.vcxproj", "{57BC2E42-2116-4E6B-B2A9-39560AECE3C6}"
EndProject
Project("{8BC9CEB8-8B4A-11D0-8D11-00A0C91BC942}") = "STL46_algorithm3", "src\STL45_algorithm\STL45_algorithm.vcxproj", "{D92F3438-A61A-4A65-8628-997EE64D193A}"
EndProject
Project("{8BC9CEB8-8B4A-11D0-8D11-00A0C91BC942}") = "stl47_algorithm4", "src\stl47_algorithm4\stl47_algorithm4.vcxproj", "{4280DBD3-C4EE-437B-A1F2-2A75BB00F338}"
EndProject
Global
	GlobalSection(SolutionConfigurationPlatforms) = preSolution
		Debug|x64 = Debug|x64
		Debug|x86 = Debug|x86
		Release|x64 = Release|x64
		Release|x86 = Release|x86
	EndGlobalSection
	GlobalSection(ProjectConfigurationPlatforms) = postSolution
		{0A0DB555-22E1-4F4A-87F5-33F5DD631C9E}.Debug|x64.ActiveCfg = Debug|x64
		{0A0DB555-22E1-4F4A-87F5-33F5DD631C9E}.Debug|x64.Build.0 = Debug|x64
		{0A0DB555-22E1-4F4A-87F5-33F5DD631C9E}.Debug|x86.ActiveCfg = Debug|Win32
		{0A0DB555-22E1-4F4A-87F5-33F5DD631C9E}.Debug|x86.Build.0 = Debug|Win32
		{0A0DB555-22E1-4F4A-87F5-33F5DD631C9E}.Release|x64.ActiveCfg = Release|x64
		{0A0DB555-22E1-4F4A-87F5-33F5DD631C9E}.Release|x64.Build.0 = Release|x64
		{0A0DB555-22E1-4F4A-87F5-33F5DD631C9E}.Release|x86.ActiveCfg = Release|Win32
		{0A0DB555-22E1-4F4A-87F5-33F5DD631C9E}.Release|x86.Build.0 = Release|Win32
		{9355332C-5BE1-4331-AC0A-E18CD7C86BBB}.Debug|x64.ActiveCfg = Debug|x64
		{9355332C-5BE1-4331-AC0A-E18CD7C86BBB}.Debug|x64.Build.0 = Debug|x64
		{9355332C-5BE1-4331-AC0A-E18CD7C86BBB}.Debug|x86.ActiveCfg = Debug|Win32
		{9355332C-5BE1-4331-AC0A-E18CD7C86BBB}.Debug|x86.Build.0 = Debug|Win32
		{9355332C-5BE1-4331-AC0A-E18CD7C86BBB}.Release|x64.ActiveCfg = Release|x64
		{9355332C-5BE1-4331-AC0A-E18CD7C86BBB}.Release|x64.Build.0 = Release|x64
		{9355332C-5BE1-4331-AC0A-E18CD7C86BBB}.Release|x86.ActiveCfg = Release|Win32
		{9355332C-5BE1-4331-AC0A-E18CD7C86BBB}.Release|x86.Build.0 = Release|Win32
		{2EF1A118-1620-436B-9012-565B2F931FC7}.Debug|x64.ActiveCfg = Debug|x64
		{2EF1A118-1620-436B-9012-565B2F931FC7}.Debug|x64.Build.0 = Debug|x64
		{2EF1A118-1620-436B-9012-565B2F931FC7}.Debug|x86.ActiveCfg = Debug|Win32
		{2EF1A118-1620-436B-9012-565B2F931FC7}.Debug|x86.Build.0 = Debug|Win32
		{2EF1A118-1620-436B-9012-565B2F931FC7}.Release|x64.ActiveCfg = Release|x64
		{2EF1A118-1620-436B-9012-565B2F931FC7}.Release|x64.Build.0 = Release|x64
		{2EF1A118-1620-436B-9012-565B2F931FC7}.Release|x86.ActiveCfg = Release|Win32
		{2EF1A118-1620-436B-9012-565B2F931FC7}.Release|x86.Build.0 = Release|Win32
		{52628CA5-13A5-49ED-89FB-62990E0E0B92}.Debug|x64.ActiveCfg = Debug|x64
		{52628CA5-13A5-49ED-89FB-62990E0E0B92}.Debug|x64.Build.0 = Debug|x64
		{52628CA5-13A5-49ED-89FB-62990E0E0B92}.Debug|x86.ActiveCfg = Debug|Win32
		{52628CA5-13A5-49ED-89FB-62990E0E0B92}.Debug|x86.Build.0 = Debug|Win32
		{52628CA5-13A5-49ED-89FB-62990E0E0B92}.Release|x64.ActiveCfg = Release|x64
		{52628CA5-13A5-49ED-89FB-62990E0E0B92}.Release|x64.Build.0 = Release|x64
		{52628CA5-13A5-49ED-89FB-62990E0E0B92}.Release|x86.ActiveCfg = Release|Win32
		{52628CA5-13A5-49ED-89FB-62990E0E0B92}.Release|x86.Build.0 = Release|Win32
		{5E5EDEFC-575F-4CA0-98E0-77D6284AAE4D}.Debug|x64.ActiveCfg = Debug|x64
		{5E5EDEFC-575F-4CA0-98E0-77D6284AAE4D}.Debug|x64.Build.0 = Debug|x64
		{5E5EDEFC-575F-4CA0-98E0-77D6284AAE4D}.Debug|x86.ActiveCfg = Debug|Win32
		{5E5EDEFC-575F-4CA0-98E0-77D6284AAE4D}.Debug|x86.Build.0 = Debug|Win32
		{5E5EDEFC-575F-4CA0-98E0-77D6284AAE4D}.Release|x64.ActiveCfg = Release|x64
		{5E5EDEFC-575F-4CA0-98E0-77D6284AAE4D}.Release|x64.Build.0 = Release|x64
		{5E5EDEFC-575F-4CA0-98E0-77D6284AAE4D}.Release|x86.ActiveCfg = Release|Win32
		{5E5EDEFC-575F-4CA0-98E0-77D6284AAE4D}.Release|x86.Build.0 = Release|Win32
		{7AFCC291-9739-439A-8E76-7D9FC3F9D13B}.Debug|x64.ActiveCfg = Debug|x64
		{7AFCC291-9739-439A-8E76-7D9FC3F9D13B}.Debug|x64.Build.0 = Debug|x64
		{7AFCC291-9739-439A-8E76-7D9FC3F9D13B}.Debug|x86.ActiveCfg = Debug|Win32
		{7AFCC291-9739-439A-8E76-7D9FC3F9D13B}.Debug|x86.Build.0 = Debug|Win32
		{7AFCC291-9739-439A-8E76-7D9FC3F9D13B}.Release|x64.ActiveCfg = Release|x64
		{7AFCC291-9739-439A-8E76-7D9FC3F9D13B}.Release|x64.Build.0 = Release|x64
		{7AFCC291-9739-439A-8E76-7D9FC3F9D13B}.Release|x86.ActiveCfg = Release|Win32
		{7AFCC291-9739-439A-8E76-7D9FC3F9D13B}.Release|x86.Build.0 = Release|Win32
		{CEE74981-D877-4F89-9543-0960957C5822}.Debug|x64.ActiveCfg = Debug|x64
		{CEE74981-D877-4F89-9543-0960957C5822}.Debug|x64.Build.0 = Debug|x64
		{CEE74981-D877-4F89-9543-0960957C5822}.Debug|x86.ActiveCfg = Debug|Win32
		{CEE74981-D877-4F89-9543-0960957C5822}.Debug|x86.Build.0 = Debug|Win32
		{CEE74981-D877-4F89-9543-0960957C5822}.Release|x64.ActiveCfg = Release|x64
		{CEE74981-D877-4F89-9543-0960957C5822}.Release|x64.Build.0 = Release|x64
		{CEE74981-D877-4F89-9543-0960957C5822}.Release|x86.ActiveCfg = Release|Win32
		{CEE74981-D877-4F89-9543-0960957C5822}.Release|x86.Build.0 = Release|Win32
		{D8D3DA6F-5722-4153-9D2E-9234CFB2A100}.Debug|x64.ActiveCfg = Debug|x64
		{D8D3DA6F-5722-4153-9D2E-9234CFB2A100}.Debug|x64.Build.0 = Debug|x64
		{D8D3DA6F-5722-4153-9D2E-9234CFB2A100}.Debug|x86.ActiveCfg = Debug|Win32
		{D8D3DA6F-5722-4153-9D2E-9234CFB2A100}.Debug|x86.Build.0 = Debug|Win32
		{D8D3DA6F-5722-4153-9D2E-9234CFB2A100}.Release|x64.ActiveCfg = Release|x64
		{D8D3DA6F-5722-4153-9D2E-9234CFB2A100}.Release|x64.Build.0 = Release|x64
		{D8D3DA6F-5722-4153-9D2E-9234CFB2A100}.Release|x86.ActiveCfg = Release|Win32
		{D8D3DA6F-5722-4153-9D2E-9234CFB2A100}.Release|x86.Build.0 = Release|Win32
		{D2C86F23-180A-41C7-9C36-6E955F6F409B}.Debug|x64.ActiveCfg = Debug|x64
		{D2C86F23-180A-41C7-9C36-6E955F6F409B}.Debug|x64.Build.0 = Debug|x64
		{D2C86F23-180A-41C7-9C36-6E955F6F409B}.Debug|x86.ActiveCfg = Debug|Win32
		{D2C86F23-180A-41C7-9C36-6E955F6F409B}.Debug|x86.Build.0 = Debug|Win32
		{D2C86F23-180A-41C7-9C36-6E955F6F409B}.Release|x64.ActiveCfg = Release|x64
		{D2C86F23-180A-41C7-9C36-6E955F6F409B}.Release|x64.Build.0 = Release|x64
		{D2C86F23-180A-41C7-9C36-6E955F6F409B}.Release|x86.ActiveCfg = Release|Win32
		{D2C86F23-180A-41C7-9C36-6E955F6F409B}.Release|x86.Build.0 = Release|Win32
		{80D8277A-5FB4-41F3-B195-1266150427BB}.Debug|x64.ActiveCfg = Debug|x64
		{80D8277A-5FB4-41F3-B195-1266150427BB}.Debug|x64.Build.0 = Debug|x64
		{80D8277A-5FB4-41F3-B195-1266150427BB}.Debug|x86.ActiveCfg = Debug|Win32
		{80D8277A-5FB4-41F3-B195-1266150427BB}.Debug|x86.Build.0 = Debug|Win32
		{80D8277A-5FB4-41F3-B195-1266150427BB}.Release|x64.ActiveCfg = Release|x64
		{80D8277A-5FB4-41F3-B195-1266150427BB}.Release|x64.Build.0 = Release|x64
		{80D8277A-5FB4-41F3-B195-1266150427BB}.Release|x86.ActiveCfg = Release|Win32
		{80D8277A-5FB4-41F3-B195-1266150427BB}.Release|x86.Build.0 = Release|Win32
		{53E6A59B-05C8-4788-B500-4955C245287E}.Debug|x64.ActiveCfg = Debug|x64
		{53E6A59B-05C8-4788-B500-4955C245287E}.Debug|x64.Build.0 = Debug|x64
		{53E6A59B-05C8-4788-B500-4955C245287E}.Debug|x86.ActiveCfg = Debug|Win32
		{53E6A59B-05C8-4788-B500-4955C245287E}.Debug|x86.Build.0 = Debug|Win32
		{53E6A59B-05C8-4788-B500-4955C245287E}.Release|x64.ActiveCfg = Release|x64
		{53E6A59B-05C8-4788-B500-4955C245287E}.Release|x64.Build.0 = Release|x64
		{53E6A59B-05C8-4788-B500-4955C245287E}.Release|x86.ActiveCfg = Release|Win32
		{53E6A59B-05C8-4788-B500-4955C245287E}.Release|x86.Build.0 = Release|Win32
		{95396E65-B8C5-4168-B45C-CAAF522D7DB0}.Debug|x64.ActiveCfg = Debug|x64
		{95396E65-B8C5-4168-B45C-CAAF522D7DB0}.Debug|x64.Build.0 = Debug|x64
		{95396E65-B8C5-4168-B45C-CAAF522D7DB0}.Debug|x86.ActiveCfg = Debug|Win32
		{95396E65-B8C5-4168-B45C-CAAF522D7DB0}.Debug|x86.Build.0 = Debug|Win32
		{95396E65-B8C5-4168-B45C-CAAF522D7DB0}.Release|x64.ActiveCfg = Release|x64
		{95396E65-B8C5-4168-B45C-CAAF522D7DB0}.Release|x64.Build.0 = Release|x64
		{95396E65-B8C5-4168-B45C-CAAF522D7DB0}.Release|x86.ActiveCfg = Release|Win32
		{95396E65-B8C5-4168-B45C-CAAF522D7DB0}.Release|x86.Build.0 = Release|Win32
		{E9EA8C61-66F0-4FEE-BA2D-5E94186C9524}.Debug|x64.ActiveCfg = Debug|x64
		{E9EA8C61-66F0-4FEE-BA2D-5E94186C9524}.Debug|x64.Build.0 = Debug|x64
		{E9EA8C61-66F0-4FEE-BA2D-5E94186C9524}.Debug|x86.ActiveCfg = Debug|Win32
		{E9EA8C61-66F0-4FEE-BA2D-5E94186C9524}.Debug|x86.Build.0 = Debug|Win32
		{E9EA8C61-66F0-4FEE-BA2D-5E94186C9524}.Release|x64.ActiveCfg = Release|x64
		{E9EA8C61-66F0-4FEE-BA2D-5E94186C9524}.Release|x64.Build.0 = Release|x64
		{E9EA8C61-66F0-4FEE-BA2D-5E94186C9524}.Release|x86.ActiveCfg = Release|Win32
		{E9EA8C61-66F0-4FEE-BA2D-5E94186C9524}.Release|x86.Build.0 = Release|Win32
		{6EDA0153-97F8-45A4-8B1F-12B506BA39E8}.Debug|x64.ActiveCfg = Debug|x64
		{6EDA0153-97F8-45A4-8B1F-12B506BA39E8}.Debug|x64.Build.0 = Debug|x64
		{6EDA0153-97F8-45A4-8B1F-12B506BA39E8}.Debug|x86.ActiveCfg = Debug|Win32
		{6EDA0153-97F8-45A4-8B1F-12B506BA39E8}.Debug|x86.Build.0 = Debug|Win32
		{6EDA0153-97F8-45A4-8B1F-12B506BA39E8}.Release|x64.ActiveCfg = Release|x64
		{6EDA0153-97F8-45A4-8B1F-12B506BA39E8}.Release|x64.Build.0 = Release|x64
		{6EDA0153-97F8-45A4-8B1F-12B506BA39E8}.Release|x86.ActiveCfg = Release|Win32
		{6EDA0153-97F8-45A4-8B1F-12B506BA39E8}.Release|x86.Build.0 = Release|Win32
		{723E0E36-4BC5-4045-8839-DD626E0B7381}.Debug|x64.ActiveCfg = Debug|x64
		{723E0E36-4BC5-4045-8839-DD626E0B7381}.Debug|x64.Build.0 = Debug|x64
		{723E0E36-4BC5-4045-8839-DD626E0B7381}.Debug|x86.ActiveCfg = Debug|Win32
		{723E0E36-4BC5-4045-8839-DD626E0B7381}.Debug|x86.Build.0 = Debug|Win32
		{723E0E36-4BC5-4045-8839-DD626E0B7381}.Release|x64.ActiveCfg = Release|x64
		{723E0E36-4BC5-4045-8839-DD626E0B7381}.Release|x64.Build.0 = Release|x64
		{723E0E36-4BC5-4045-8839-DD626E0B7381}.Release|x86.ActiveCfg = Release|Win32
		{723E0E36-4BC5-4045-8839-DD626E0B7381}.Release|x86.Build.0 = Release|Win32
		{63A27F48-B72C-4F58-AF4E-D3DC829811EC}.Debug|x64.ActiveCfg = Debug|x64
		{63A27F48-B72C-4F58-AF4E-D3DC829811EC}.Debug|x64.Build.0 = Debug|x64
		{63A27F48-B72C-4F58-AF4E-D3DC829811EC}.Debug|x86.ActiveCfg = Debug|Win32
		{63A27F48-B72C-4F58-AF4E-D3DC829811EC}.Debug|x86.Build.0 = Debug|Win32
		{63A27F48-B72C-4F58-AF4E-D3DC829811EC}.Release|x64.ActiveCfg = Release|x64
		{63A27F48-B72C-4F58-AF4E-D3DC829811EC}.Release|x64.Build.0 = Release|x64
		{63A27F48-B72C-4F58-AF4E-D3DC829811EC}.Release|x86.ActiveCfg = Release|Win32
		{63A27F48-B72C-4F58-AF4E-D3DC829811EC}.Release|x86.Build.0 = Release|Win32
		{E932EF92-D01E-49FA-A1A7-91E2FF344132}.Debug|x64.ActiveCfg = Debug|x64
		{E932EF92-D01E-49FA-A1A7-91E2FF344132}.Debug|x64.Build.0 = Debug|x64
		{E932EF92-D01E-49FA-A1A7-91E2FF344132}.Debug|x86.ActiveCfg = Debug|Win32
		{E932EF92-D01E-49FA-A1A7-91E2FF344132}.Debug|x86.Build.0 = Debug|Win32
		{E932EF92-D01E-49FA-A1A7-91E2FF344132}.Release|x64.ActiveCfg = Release|x64
		{E932EF92-D01E-49FA-A1A7-91E2FF344132}.Release|x64.Build.0 = Release|x64
		{E932EF92-D01E-49FA-A1A7-91E2FF344132}.Release|x86.ActiveCfg = Release|Win32
		{E932EF92-D01E-49FA-A1A7-91E2FF344132}.Release|x86.Build.0 = Release|Win32
		{2BAA9FA2-50E9-483F-ABE3-E034F7F25ACD}.Debug|x64.ActiveCfg = Debug|x64
		{2BAA9FA2-50E9-483F-ABE3-E034F7F25ACD}.Debug|x64.Build.0 = Debug|x64
		{2BAA9FA2-50E9-483F-ABE3-E034F7F25ACD}.Debug|x86.ActiveCfg = Debug|Win32
		{2BAA9FA2-50E9-483F-ABE3-E034F7F25ACD}.Debug|x86.Build.0 = Debug|Win32
		{2BAA9FA2-50E9-483F-ABE3-E034F7F25ACD}.Release|x64.ActiveCfg = Release|x64
		{2BAA9FA2-50E9-483F-ABE3-E034F7F25ACD}.Release|x64.Build.0 = Release|x64
		{2BAA9FA2-50E9-483F-ABE3-E034F7F25ACD}.Release|x86.ActiveCfg = Release|Win32
		{2BAA9FA2-50E9-483F-ABE3-E034F7F25ACD}.Release|x86.Build.0 = Release|Win32
		{9E46D0A3-C318-45AA-BDDE-A07491DF7F6C}.Debug|x64.ActiveCfg = Debug|x64
		{9E46D0A3-C318-45AA-BDDE-A07491DF7F6C}.Debug|x64.Build.0 = Debug|x64
		{9E46D0A3-C318-45AA-BDDE-A07491DF7F6C}.Debug|x86.ActiveCfg = Debug|Win32
		{9E46D0A3-C318-45AA-BDDE-A07491DF7F6C}.Debug|x86.Build.0 = Debug|Win32
		{9E46D0A3-C318-45AA-BDDE-A07491DF7F6C}.Release|x64.ActiveCfg = Release|x64
		{9E46D0A3-C318-45AA-BDDE-A07491DF7F6C}.Release|x64.Build.0 = Release|x64
		{9E46D0A3-C318-45AA-BDDE-A07491DF7F6C}.Release|x86.ActiveCfg = Release|Win32
		{9E46D0A3-C318-45AA-BDDE-A07491DF7F6C}.Release|x86.Build.0 = Release|Win32
		{E1E3B694-C15F-40CE-AD98-15E96910D0E4}.Debug|x64.ActiveCfg = Debug|x64
		{E1E3B694-C15F-40CE-AD98-15E96910D0E4}.Debug|x64.Build.0 = Debug|x64
		{E1E3B694-C15F-40CE-AD98-15E96910D0E4}.Debug|x86.ActiveCfg = Debug|Win32
		{E1E3B694-C15F-40CE-AD98-15E96910D0E4}.Debug|x86.Build.0 = Debug|Win32
		{E1E3B694-C15F-40CE-AD98-15E96910D0E4}.Release|x64.ActiveCfg = Release|x64
		{E1E3B694-C15F-40CE-AD98-15E96910D0E4}.Release|x64.Build.0 = Release|x64
		{E1E3B694-C15F-40CE-AD98-15E96910D0E4}.Release|x86.ActiveCfg = Release|Win32
		{E1E3B694-C15F-40CE-AD98-15E96910D0E4}.Release|x86.Build.0 = Release|Win32
		{A7B0E5A9-11C8-4151-80B1-B09C887399E1}.Debug|x64.ActiveCfg = Debug|x64
		{A7B0E5A9-11C8-4151-80B1-B09C887399E1}.Debug|x64.Build.0 = Debug|x64
		{A7B0E5A9-11C8-4151-80B1-B09C887399E1}.Debug|x86.ActiveCfg = Debug|Win32
		{A7B0E5A9-11C8-4151-80B1-B09C887399E1}.Debug|x86.Build.0 = Debug|Win32
		{A7B0E5A9-11C8-4151-80B1-B09C887399E1}.Release|x64.ActiveCfg = Release|x64
		{A7B0E5A9-11C8-4151-80B1-B09C887399E1}.Release|x64.Build.0 = Release|x64
		{A7B0E5A9-11C8-4151-80B1-B09C887399E1}.Release|x86.ActiveCfg = Release|Win32
		{A7B0E5A9-11C8-4151-80B1-B09C887399E1}.Release|x86.Build.0 = Release|Win32
		{57BC2E42-2116-4E6B-B2A9-39560AECE3C6}.Debug|x64.ActiveCfg = Debug|x64
		{57BC2E42-2116-4E6B-B2A9-39560AECE3C6}.Debug|x64.Build.0 = Debug|x64
		{57BC2E42-2116-4E6B-B2A9-39560AECE3C6}.Debug|x86.ActiveCfg = Debug|Win32
		{57BC2E42-2116-4E6B-B2A9-39560AECE3C6}.Debug|x86.Build.0 = Debug|Win32
		{57BC2E42-2116-4E6B-B2A9-39560AECE3C6}.Release|x64.ActiveCfg = Release|x64
		{57BC2E42-2116-4E6B-B2A9-39560AECE3C6}.Release|x64.Build.0 = Release|x64
		{57BC2E42-2116-4E6B-B2A9-39560AECE3C6}.Release|x86.ActiveCfg = Release|Win32
		{57BC2E42-2116-4E6B-B2A9-39560AECE3C6}.Release|x86.Build.0 = Release|Win32
		{D92F3438-A61A-4A65-8628-997EE64D193A}.Debug|x64.ActiveCfg = Debug|x64
		{D92F3438-A61A-4A65-8628-997EE64D193A}.Debug|x64.Build.0 = Debug|x64
		{D92F3438-A61A-4A65-8628-997EE64D193A}.Debug|x86.ActiveCfg = Debug|Win32
		{D92F3438-A61A-4A65-8628-997EE64D193A}.Debug|x86.Build.0 = Debug|Win32
		{D92F3438-A61A-4A65-8628-997EE64D193A}.Release|x64.ActiveCfg = Release|x64
		{D92F3438-A61A-4A65-8628-997EE64D193A}.Release|x64.Build.0 = Release|x64
		{D92F3438-A61A-4A65-8628-997EE64D193A}.Release|x86.ActiveCfg = Release|Win32
		{D92F3438-A61A-4A65-8628-997EE64D193A}.Release|x86.Build.0 = Release|Win32
		{4280DBD3-C4EE-437B-A1F2-2A75BB00F338}.Debug|x64.ActiveCfg = Debug|x64
		{4280DBD3-C4EE-437B-A1F2-2A75BB00F338}.Debug|x64.Build.0 = Debug|x64
		{4280DBD3-C4EE-437B-A1F2-2A75BB00F338}.Debug|x86.ActiveCfg = Debug|Win32
		{4280DBD3-C4EE-437B-A1F2-2A75BB00F338}.Debug|x86.Build.0 = Debug|Win32
		{4280DBD3-C4EE-437B-A1F2-2A75BB00F338}.Release|x64.ActiveCfg = Release|x64
		{4280DBD3-C4EE-437B-A1F2-2A75BB00F338}.Release|x64.Build.0 = Release|x64
		{4280DBD3-C4EE-437B-A1F2-2A75BB00F338}.Release|x86.ActiveCfg = Release|Win32
		{4280DBD3-C4EE-437B-A1F2-2A75BB00F338}.Release|x86.Build.0 = Release|Win32
	EndGlobalSection
	GlobalSection(SolutionProperties) = preSolution
		HideSolutionNode = FALSE
	EndGlobalSection
	GlobalSection(ExtensibilityGlobals) = postSolution
		SolutionGuid = {F3211AAD-142A-414B-B0F8-E4437FEE434E}
	EndGlobalSection
EndGlobal
