
Microsoft Visual Studio Solution File, Format Version 12.00
# Visual Studio Version 16
VisualStudioVersion = 16.0.30128.74
MinimumVisualStudioVersion = 10.0.40219.1
Project("{8BC9CEB8-8B4A-11D0-8D11-00A0C91BC942}") = "DLL002_lib", "src\DLL002_lib\DLL002_lib.vcxproj", "{7375603A-989A-4C8E-9558-345E755BD208}"
EndProject
Project("{8BC9CEB8-8B4A-11D0-8D11-00A0C91BC942}") = "test002", "src\test002\test002.vcxproj", "{A45FE948-2150-4783-B3CE-5498EBF3DCC5}"
EndProject
Project("{8BC9CEB8-8B4A-11D0-8D11-00A0C91BC942}") = "DLL003_dll", "src\DLL003_dll\DLL003_dll.vcxproj", "{8B0C8F10-CE6C-4936-9D68-6BEB98D43C40}"
EndProject
Project("{8BC9CEB8-8B4A-11D0-8D11-00A0C91BC942}") = "DLL003_test003", "src\DLL003_test003\DLL003_test003.vcxproj", "{64630B95-3814-4A0C-91A7-8C2A7803582E}"
EndProject
Project("{8BC9CEB8-8B4A-11D0-8D11-00A0C91BC942}") = "DLL004_dll", "src\DLL004_dll\DLL004_dll.vcxproj", "{4E9806F8-BA11-45C7-962A-EA22ECFD59B7}"
EndProject
Project("{8BC9CEB8-8B4A-11D0-8D11-00A0C91BC942}") = "DLL004_test004", "src\DLL004_test004\DLL004_test004.vcxproj", "{21A71C0A-662D-4170-B8AA-90EB49A4C31B}"
EndProject
Project("{8BC9CEB8-8B4A-11D0-8D11-00A0C91BC942}") = "Dll005_extern_C_dll", "src\Dll005_extern_C_dll\Dll005_extern_C_dll.vcxproj", "{54AD9A82-A9FC-43E6-9B00-A9F44676F22E}"
EndProject
Project("{8BC9CEB8-8B4A-11D0-8D11-00A0C91BC942}") = "DLL005_test005", "src\DLL005_test005\DLL005_test005.vcxproj", "{92AE0AD2-2B95-4EB3-9499-EA682A565448}"
EndProject
Project("{8BC9CEB8-8B4A-11D0-8D11-00A0C91BC942}") = "DLL006_dll", "src\DLL006_dll\DLL006_dll.vcxproj", "{59D55BCE-DDF7-4FF9-83A1-79A54DA8352A}"
EndProject
Project("{8BC9CEB8-8B4A-11D0-8D11-00A0C91BC942}") = "DLL006_test", "src\DLL006_test\DLL006_test.vcxproj", "{DF89A1FA-388B-490F-80C6-EAF4F08E0B37}"
EndProject
Project("{8BC9CEB8-8B4A-11D0-8D11-00A0C91BC942}") = "DLL007_def_dll", "src\DLL007_def_dll\DLL007_def_dll.vcxproj", "{37CFA205-E120-4FDA-A66E-90AC382C37B4}"
EndProject
Project("{8BC9CEB8-8B4A-11D0-8D11-00A0C91BC942}") = "DLL007_test", "src\DLL007_test\DLL007_test.vcxproj", "{E1494D1D-CBAA-4989-888D-5F817124C298}"
EndProject
Global
	GlobalSection(SolutionConfigurationPlatforms) = preSolution
		Debug|x64 = Debug|x64
		Debug|x86 = Debug|x86
		Release|x64 = Release|x64
		Release|x86 = Release|x86
	EndGlobalSection
	GlobalSection(ProjectConfigurationPlatforms) = postSolution
		{7375603A-989A-4C8E-9558-345E755BD208}.Debug|x64.ActiveCfg = Debug|x64
		{7375603A-989A-4C8E-9558-345E755BD208}.Debug|x64.Build.0 = Debug|x64
		{7375603A-989A-4C8E-9558-345E755BD208}.Debug|x86.ActiveCfg = Debug|Win32
		{7375603A-989A-4C8E-9558-345E755BD208}.Debug|x86.Build.0 = Debug|Win32
		{7375603A-989A-4C8E-9558-345E755BD208}.Release|x64.ActiveCfg = Release|x64
		{7375603A-989A-4C8E-9558-345E755BD208}.Release|x64.Build.0 = Release|x64
		{7375603A-989A-4C8E-9558-345E755BD208}.Release|x86.ActiveCfg = Release|Win32
		{7375603A-989A-4C8E-9558-345E755BD208}.Release|x86.Build.0 = Release|Win32
		{A45FE948-2150-4783-B3CE-5498EBF3DCC5}.Debug|x64.ActiveCfg = Debug|x64
		{A45FE948-2150-4783-B3CE-5498EBF3DCC5}.Debug|x64.Build.0 = Debug|x64
		{A45FE948-2150-4783-B3CE-5498EBF3DCC5}.Debug|x86.ActiveCfg = Debug|Win32
		{A45FE948-2150-4783-B3CE-5498EBF3DCC5}.Debug|x86.Build.0 = Debug|Win32
		{A45FE948-2150-4783-B3CE-5498EBF3DCC5}.Release|x64.ActiveCfg = Release|x64
		{A45FE948-2150-4783-B3CE-5498EBF3DCC5}.Release|x64.Build.0 = Release|x64
		{A45FE948-2150-4783-B3CE-5498EBF3DCC5}.Release|x86.ActiveCfg = Release|Win32
		{A45FE948-2150-4783-B3CE-5498EBF3DCC5}.Release|x86.Build.0 = Release|Win32
		{8B0C8F10-CE6C-4936-9D68-6BEB98D43C40}.Debug|x64.ActiveCfg = Debug|x64
		{8B0C8F10-CE6C-4936-9D68-6BEB98D43C40}.Debug|x64.Build.0 = Debug|x64
		{8B0C8F10-CE6C-4936-9D68-6BEB98D43C40}.Debug|x86.ActiveCfg = Debug|Win32
		{8B0C8F10-CE6C-4936-9D68-6BEB98D43C40}.Debug|x86.Build.0 = Debug|Win32
		{8B0C8F10-CE6C-4936-9D68-6BEB98D43C40}.Release|x64.ActiveCfg = Release|x64
		{8B0C8F10-CE6C-4936-9D68-6BEB98D43C40}.Release|x64.Build.0 = Release|x64
		{8B0C8F10-CE6C-4936-9D68-6BEB98D43C40}.Release|x86.ActiveCfg = Release|Win32
		{8B0C8F10-CE6C-4936-9D68-6BEB98D43C40}.Release|x86.Build.0 = Release|Win32
		{64630B95-3814-4A0C-91A7-8C2A7803582E}.Debug|x64.ActiveCfg = Debug|x64
		{64630B95-3814-4A0C-91A7-8C2A7803582E}.Debug|x64.Build.0 = Debug|x64
		{64630B95-3814-4A0C-91A7-8C2A7803582E}.Debug|x86.ActiveCfg = Debug|Win32
		{64630B95-3814-4A0C-91A7-8C2A7803582E}.Debug|x86.Build.0 = Debug|Win32
		{64630B95-3814-4A0C-91A7-8C2A7803582E}.Release|x64.ActiveCfg = Release|x64
		{64630B95-3814-4A0C-91A7-8C2A7803582E}.Release|x64.Build.0 = Release|x64
		{64630B95-3814-4A0C-91A7-8C2A7803582E}.Release|x86.ActiveCfg = Release|Win32
		{64630B95-3814-4A0C-91A7-8C2A7803582E}.Release|x86.Build.0 = Release|Win32
		{4E9806F8-BA11-45C7-962A-EA22ECFD59B7}.Debug|x64.ActiveCfg = Debug|x64
		{4E9806F8-BA11-45C7-962A-EA22ECFD59B7}.Debug|x64.Build.0 = Debug|x64
		{4E9806F8-BA11-45C7-962A-EA22ECFD59B7}.Debug|x86.ActiveCfg = Debug|Win32
		{4E9806F8-BA11-45C7-962A-EA22ECFD59B7}.Debug|x86.Build.0 = Debug|Win32
		{4E9806F8-BA11-45C7-962A-EA22ECFD59B7}.Release|x64.ActiveCfg = Release|x64
		{4E9806F8-BA11-45C7-962A-EA22ECFD59B7}.Release|x64.Build.0 = Release|x64
		{4E9806F8-BA11-45C7-962A-EA22ECFD59B7}.Release|x86.ActiveCfg = Release|Win32
		{4E9806F8-BA11-45C7-962A-EA22ECFD59B7}.Release|x86.Build.0 = Release|Win32
		{21A71C0A-662D-4170-B8AA-90EB49A4C31B}.Debug|x64.ActiveCfg = Debug|x64
		{21A71C0A-662D-4170-B8AA-90EB49A4C31B}.Debug|x64.Build.0 = Debug|x64
		{21A71C0A-662D-4170-B8AA-90EB49A4C31B}.Debug|x86.ActiveCfg = Debug|Win32
		{21A71C0A-662D-4170-B8AA-90EB49A4C31B}.Debug|x86.Build.0 = Debug|Win32
		{21A71C0A-662D-4170-B8AA-90EB49A4C31B}.Release|x64.ActiveCfg = Release|x64
		{21A71C0A-662D-4170-B8AA-90EB49A4C31B}.Release|x64.Build.0 = Release|x64
		{21A71C0A-662D-4170-B8AA-90EB49A4C31B}.Release|x86.ActiveCfg = Release|Win32
		{21A71C0A-662D-4170-B8AA-90EB49A4C31B}.Release|x86.Build.0 = Release|Win32
		{54AD9A82-A9FC-43E6-9B00-A9F44676F22E}.Debug|x64.ActiveCfg = Debug|x64
		{54AD9A82-A9FC-43E6-9B00-A9F44676F22E}.Debug|x64.Build.0 = Debug|x64
		{54AD9A82-A9FC-43E6-9B00-A9F44676F22E}.Debug|x86.ActiveCfg = Debug|Win32
		{54AD9A82-A9FC-43E6-9B00-A9F44676F22E}.Debug|x86.Build.0 = Debug|Win32
		{54AD9A82-A9FC-43E6-9B00-A9F44676F22E}.Release|x64.ActiveCfg = Release|x64
		{54AD9A82-A9FC-43E6-9B00-A9F44676F22E}.Release|x64.Build.0 = Release|x64
		{54AD9A82-A9FC-43E6-9B00-A9F44676F22E}.Release|x86.ActiveCfg = Release|Win32
		{54AD9A82-A9FC-43E6-9B00-A9F44676F22E}.Release|x86.Build.0 = Release|Win32
		{92AE0AD2-2B95-4EB3-9499-EA682A565448}.Debug|x64.ActiveCfg = Debug|x64
		{92AE0AD2-2B95-4EB3-9499-EA682A565448}.Debug|x64.Build.0 = Debug|x64
		{92AE0AD2-2B95-4EB3-9499-EA682A565448}.Debug|x86.ActiveCfg = Debug|Win32
		{92AE0AD2-2B95-4EB3-9499-EA682A565448}.Debug|x86.Build.0 = Debug|Win32
		{92AE0AD2-2B95-4EB3-9499-EA682A565448}.Release|x64.ActiveCfg = Release|x64
		{92AE0AD2-2B95-4EB3-9499-EA682A565448}.Release|x64.Build.0 = Release|x64
		{92AE0AD2-2B95-4EB3-9499-EA682A565448}.Release|x86.ActiveCfg = Release|Win32
		{92AE0AD2-2B95-4EB3-9499-EA682A565448}.Release|x86.Build.0 = Release|Win32
		{59D55BCE-DDF7-4FF9-83A1-79A54DA8352A}.Debug|x64.ActiveCfg = Debug|x64
		{59D55BCE-DDF7-4FF9-83A1-79A54DA8352A}.Debug|x64.Build.0 = Debug|x64
		{59D55BCE-DDF7-4FF9-83A1-79A54DA8352A}.Debug|x86.ActiveCfg = Debug|Win32
		{59D55BCE-DDF7-4FF9-83A1-79A54DA8352A}.Debug|x86.Build.0 = Debug|Win32
		{59D55BCE-DDF7-4FF9-83A1-79A54DA8352A}.Release|x64.ActiveCfg = Release|x64
		{59D55BCE-DDF7-4FF9-83A1-79A54DA8352A}.Release|x64.Build.0 = Release|x64
		{59D55BCE-DDF7-4FF9-83A1-79A54DA8352A}.Release|x86.ActiveCfg = Release|Win32
		{59D55BCE-DDF7-4FF9-83A1-79A54DA8352A}.Release|x86.Build.0 = Release|Win32
		{DF89A1FA-388B-490F-80C6-EAF4F08E0B37}.Debug|x64.ActiveCfg = Debug|x64
		{DF89A1FA-388B-490F-80C6-EAF4F08E0B37}.Debug|x64.Build.0 = Debug|x64
		{DF89A1FA-388B-490F-80C6-EAF4F08E0B37}.Debug|x86.ActiveCfg = Debug|Win32
		{DF89A1FA-388B-490F-80C6-EAF4F08E0B37}.Debug|x86.Build.0 = Debug|Win32
		{DF89A1FA-388B-490F-80C6-EAF4F08E0B37}.Release|x64.ActiveCfg = Release|x64
		{DF89A1FA-388B-490F-80C6-EAF4F08E0B37}.Release|x64.Build.0 = Release|x64
		{DF89A1FA-388B-490F-80C6-EAF4F08E0B37}.Release|x86.ActiveCfg = Release|Win32
		{DF89A1FA-388B-490F-80C6-EAF4F08E0B37}.Release|x86.Build.0 = Release|Win32
		{37CFA205-E120-4FDA-A66E-90AC382C37B4}.Debug|x64.ActiveCfg = Debug|x64
		{37CFA205-E120-4FDA-A66E-90AC382C37B4}.Debug|x64.Build.0 = Debug|x64
		{37CFA205-E120-4FDA-A66E-90AC382C37B4}.Debug|x86.ActiveCfg = Debug|Win32
		{37CFA205-E120-4FDA-A66E-90AC382C37B4}.Debug|x86.Build.0 = Debug|Win32
		{37CFA205-E120-4FDA-A66E-90AC382C37B4}.Release|x64.ActiveCfg = Release|x64
		{37CFA205-E120-4FDA-A66E-90AC382C37B4}.Release|x64.Build.0 = Release|x64
		{37CFA205-E120-4FDA-A66E-90AC382C37B4}.Release|x86.ActiveCfg = Release|Win32
		{37CFA205-E120-4FDA-A66E-90AC382C37B4}.Release|x86.Build.0 = Release|Win32
		{E1494D1D-CBAA-4989-888D-5F817124C298}.Debug|x64.ActiveCfg = Debug|x64
		{E1494D1D-CBAA-4989-888D-5F817124C298}.Debug|x64.Build.0 = Debug|x64
		{E1494D1D-CBAA-4989-888D-5F817124C298}.Debug|x86.ActiveCfg = Debug|Win32
		{E1494D1D-CBAA-4989-888D-5F817124C298}.Debug|x86.Build.0 = Debug|Win32
		{E1494D1D-CBAA-4989-888D-5F817124C298}.Release|x64.ActiveCfg = Release|x64
		{E1494D1D-CBAA-4989-888D-5F817124C298}.Release|x64.Build.0 = Release|x64
		{E1494D1D-CBAA-4989-888D-5F817124C298}.Release|x86.ActiveCfg = Release|Win32
		{E1494D1D-CBAA-4989-888D-5F817124C298}.Release|x86.Build.0 = Release|Win32
	EndGlobalSection
	GlobalSection(SolutionProperties) = preSolution
		HideSolutionNode = FALSE
	EndGlobalSection
	GlobalSection(ExtensibilityGlobals) = postSolution
		SolutionGuid = {8AF7EE7A-0448-4A05-9F40-EDCF75262C11}
	EndGlobalSection
EndGlobal
